// !$*UTF8*$!
{
	archiveVersion = 1;
	classes = {
	};
	objectVersion = 50;
	objects = {

/* Begin PBXBuildFile section */
		2EF43C2E2132511100D20283 /* AppDelegate.swift in Sources */ = {isa = PBXBuildFile; fileRef = 2EF43C2D2132511100D20283 /* AppDelegate.swift */; };
		2EF43C302132511200D20283 /* ViewController.swift in Sources */ = {isa = PBXBuildFile; fileRef = 2EF43C2F2132511200D20283 /* ViewController.swift */; };
		2EF43C332132511200D20283 /* Main.storyboard in Resources */ = {isa = PBXBuildFile; fileRef = 2EF43C312132511200D20283 /* Main.storyboard */; };
		2EF43C352132511300D20283 /* Assets.xcassets in Resources */ = {isa = PBXBuildFile; fileRef = 2EF43C342132511300D20283 /* Assets.xcassets */; };
		2EF43C382132511300D20283 /* LaunchScreen.storyboard in Resources */ = {isa = PBXBuildFile; fileRef = 2EF43C362132511300D20283 /* LaunchScreen.storyboard */; };
		2EF43C432132511400D20283 /* MvvmFoodLoggerTests.swift in Sources */ = {isa = PBXBuildFile; fileRef = 2EF43C422132511400D20283 /* MvvmFoodLoggerTests.swift */; };
		2EF43C4E2132511400D20283 /* MvvmFoodLoggerUITests.swift in Sources */ = {isa = PBXBuildFile; fileRef = 2EF43C4D2132511400D20283 /* MvvmFoodLoggerUITests.swift */; };
/* End PBXBuildFile section */

/* Begin PBXContainerItemProxy section */
		2EF43C3F2132511400D20283 /* PBXContainerItemProxy */ = {
			isa = PBXContainerItemProxy;
			containerPortal = 2EF43C222132511100D20283 /* Project object */;
			proxyType = 1;
			remoteGlobalIDString = 2EF43C292132511100D20283;
			remoteInfo = MvvmFoodLogger;
		};
		2EF43C4A2132511400D20283 /* PBXContainerItemProxy */ = {
			isa = PBXContainerItemProxy;
			containerPortal = 2EF43C222132511100D20283 /* Project object */;
			proxyType = 1;
			remoteGlobalIDString = 2EF43C292132511100D20283;
			remoteInfo = MvvmFoodLogger;
		};
/* End PBXContainerItemProxy section */

/* Begin PBXFileReference section */
		2EF43C2A2132511100D20283 /* MvvmFoodLogger.app */ = {isa = PBXFileReference; explicitFileType = wrapper.application; includeInIndex = 0; path = MvvmFoodLogger.app; sourceTree = BUILT_PRODUCTS_DIR; };
		2EF43C2D2132511100D20283 /* AppDelegate.swift */ = {isa = PBXFileReference; lastKnownFileType = sourcecode.swift; path = AppDelegate.swift; sourceTree = "<group>"; };
		2EF43C2F2132511200D20283 /* ViewController.swift */ = {isa = PBXFileReference; lastKnownFileType = sourcecode.swift; path = ViewController.swift; sourceTree = "<group>"; };
		2EF43C322132511200D20283 /* Base */ = {isa = PBXFileReference; lastKnownFileType = file.storyboard; name = Base; path = Base.lproj/Main.storyboard; sourceTree = "<group>"; };
		2EF43C342132511300D20283 /* Assets.xcassets */ = {isa = PBXFileReference; lastKnownFileType = folder.assetcatalog; path = Assets.xcassets; sourceTree = "<group>"; };
		2EF43C372132511300D20283 /* Base */ = {isa = PBXFileReference; lastKnownFileType = file.storyboard; name = Base; path = Base.lproj/LaunchScreen.storyboard; sourceTree = "<group>"; };
		2EF43C392132511300D20283 /* Info.plist */ = {isa = PBXFileReference; lastKnownFileType = text.plist.xml; path = Info.plist; sourceTree = "<group>"; };
		2EF43C3E2132511400D20283 /* MvvmFoodLoggerTests.xctest */ = {isa = PBXFileReference; explicitFileType = wrapper.cfbundle; includeInIndex = 0; path = MvvmFoodLoggerTests.xctest; sourceTree = BUILT_PRODUCTS_DIR; };
		2EF43C422132511400D20283 /* MvvmFoodLoggerTests.swift */ = {isa = PBXFileReference; lastKnownFileType = sourcecode.swift; path = MvvmFoodLoggerTests.swift; sourceTree = "<group>"; };
		2EF43C442132511400D20283 /* Info.plist */ = {isa = PBXFileReference; lastKnownFileType = text.plist.xml; path = Info.plist; sourceTree = "<group>"; };
		2EF43C492132511400D20283 /* MvvmFoodLoggerUITests.xctest */ = {isa = PBXFileReference; explicitFileType = wrapper.cfbundle; includeInIndex = 0; path = MvvmFoodLoggerUITests.xctest; sourceTree = BUILT_PRODUCTS_DIR; };
		2EF43C4D2132511400D20283 /* MvvmFoodLoggerUITests.swift */ = {isa = PBXFileReference; lastKnownFileType = sourcecode.swift; path = MvvmFoodLoggerUITests.swift; sourceTree = "<group>"; };
		2EF43C4F2132511400D20283 /* Info.plist */ = {isa = PBXFileReference; lastKnownFileType = text.plist.xml; path = Info.plist; sourceTree = "<group>"; };
/* End PBXFileReference section */

/* Begin PBXFrameworksBuildPhase section */
		2EF43C272132511100D20283 /* Frameworks */ = {
			isa = PBXFrameworksBuildPhase;
			buildActionMask = 2147483647;
			files = (
			);
			runOnlyForDeploymentPostprocessing = 0;
		};
		2EF43C3B2132511400D20283 /* Frameworks */ = {
			isa = PBXFrameworksBuildPhase;
			buildActionMask = 2147483647;
			files = (
			);
			runOnlyForDeploymentPostprocessing = 0;
		};
		2EF43C462132511400D20283 /* Frameworks */ = {
			isa = PBXFrameworksBuildPhase;
			buildActionMask = 2147483647;
			files = (
			);
			runOnlyForDeploymentPostprocessing = 0;
		};
/* End PBXFrameworksBuildPhase section */

/* Begin PBXGroup section */
		2EF43C212132511100D20283 = {
			isa = PBXGroup;
			children = (
				2EF43C2C2132511100D20283 /* MvvmFoodLogger */,
				2EF43C412132511400D20283 /* MvvmFoodLoggerTests */,
				2EF43C4C2132511400D20283 /* MvvmFoodLoggerUITests */,
				2EF43C2B2132511100D20283 /* Products */,
			);
			sourceTree = "<group>";
		};
		2EF43C2B2132511100D20283 /* Products */ = {
			isa = PBXGroup;
			children = (
				2EF43C2A2132511100D20283 /* MvvmFoodLogger.app */,
				2EF43C3E2132511400D20283 /* MvvmFoodLoggerTests.xctest */,
				2EF43C492132511400D20283 /* MvvmFoodLoggerUITests.xctest */,
			);
			name = Products;
			sourceTree = "<group>";
		};
		2EF43C2C2132511100D20283 /* MvvmFoodLogger */ = {
			isa = PBXGroup;
			children = (
				2EF43C2D2132511100D20283 /* AppDelegate.swift */,
				2EF43C2F2132511200D20283 /* ViewController.swift */,
				2EF43C312132511200D20283 /* Main.storyboard */,
				2EF43C342132511300D20283 /* Assets.xcassets */,
				2EF43C362132511300D20283 /* LaunchScreen.storyboard */,
				2EF43C392132511300D20283 /* Info.plist */,
			);
			path = MvvmFoodLogger;
			sourceTree = "<group>";
		};
		2EF43C412132511400D20283 /* MvvmFoodLoggerTests */ = {
			isa = PBXGroup;
			children = (
				2EF43C422132511400D20283 /* MvvmFoodLoggerTests.swift */,
				2EF43C442132511400D20283 /* Info.plist */,
			);
			path = MvvmFoodLoggerTests;
			sourceTree = "<group>";
		};
		2EF43C4C2132511400D20283 /* MvvmFoodLoggerUITests */ = {
			isa = PBXGroup;
			children = (
				2EF43C4D2132511400D20283 /* MvvmFoodLoggerUITests.swift */,
				2EF43C4F2132511400D20283 /* Info.plist */,
			);
			path = MvvmFoodLoggerUITests;
			sourceTree = "<group>";
		};
/* End PBXGroup section */

/* Begin PBXNativeTarget section */
		2EF43C292132511100D20283 /* MvvmFoodLogger */ = {
			isa = PBXNativeTarget;
			buildConfigurationList = 2EF43C522132511400D20283 /* Build configuration list for PBXNativeTarget "MvvmFoodLogger" */;
			buildPhases = (
				2EF43C262132511100D20283 /* Sources */,
				2EF43C272132511100D20283 /* Frameworks */,
				2EF43C282132511100D20283 /* Resources */,
			);
			buildRules = (
			);
			dependencies = (
			);
			name = MvvmFoodLogger;
			productName = MvvmFoodLogger;
			productReference = 2EF43C2A2132511100D20283 /* MvvmFoodLogger.app */;
			productType = "com.apple.product-type.application";
		};
		2EF43C3D2132511400D20283 /* MvvmFoodLoggerTests */ = {
			isa = PBXNativeTarget;
			buildConfigurationList = 2EF43C552132511400D20283 /* Build configuration list for PBXNativeTarget "MvvmFoodLoggerTests" */;
			buildPhases = (
				2EF43C3A2132511400D20283 /* Sources */,
				2EF43C3B2132511400D20283 /* Frameworks */,
				2EF43C3C2132511400D20283 /* Resources */,
			);
			buildRules = (
			);
			dependencies = (
				2EF43C402132511400D20283 /* PBXTargetDependency */,
			);
			name = MvvmFoodLoggerTests;
			productName = MvvmFoodLoggerTests;
			productReference = 2EF43C3E2132511400D20283 /* MvvmFoodLoggerTests.xctest */;
			productType = "com.apple.product-type.bundle.unit-test";
		};
		2EF43C482132511400D20283 /* MvvmFoodLoggerUITests */ = {
			isa = PBXNativeTarget;
			buildConfigurationList = 2EF43C582132511400D20283 /* Build configuration list for PBXNativeTarget "MvvmFoodLoggerUITests" */;
			buildPhases = (
				2EF43C452132511400D20283 /* Sources */,
				2EF43C462132511400D20283 /* Frameworks */,
				2EF43C472132511400D20283 /* Resources */,
			);
			buildRules = (
			);
			dependencies = (
				2EF43C4B2132511400D20283 /* PBXTargetDependency */,
			);
			name = MvvmFoodLoggerUITests;
			productName = MvvmFoodLoggerUITests;
			productReference = 2EF43C492132511400D20283 /* MvvmFoodLoggerUITests.xctest */;
			productType = "com.apple.product-type.bundle.ui-testing";
		};
/* End PBXNativeTarget section */

/* Begin PBXProject section */
		2EF43C222132511100D20283 /* Project object */ = {
			isa = PBXProject;
			attributes = {
				LastSwiftUpdateCheck = 0940;
				LastUpgradeCheck = 0940;
				ORGANIZATIONNAME = "Takahiro Kato";
				TargetAttributes = {
					2EF43C292132511100D20283 = {
						CreatedOnToolsVersion = 9.4.1;
					};
					2EF43C3D2132511400D20283 = {
						CreatedOnToolsVersion = 9.4.1;
						TestTargetID = 2EF43C292132511100D20283;
					};
					2EF43C482132511400D20283 = {
						CreatedOnToolsVersion = 9.4.1;
						TestTargetID = 2EF43C292132511100D20283;
					};
				};
			};
			buildConfigurationList = 2EF43C252132511100D20283 /* Build configuration list for PBXProject "MvvmFoodLogger" */;
			compatibilityVersion = "Xcode 9.3";
			developmentRegion = en;
			hasScannedForEncodings = 0;
			knownRegions = (
				en,
				Base,
			);
			mainGroup = 2EF43C212132511100D20283;
			productRefGroup = 2EF43C2B2132511100D20283 /* Products */;
			projectDirPath = "";
			projectRoot = "";
			targets = (
				2EF43C292132511100D20283 /* MvvmFoodLogger */,
				2EF43C3D2132511400D20283 /* MvvmFoodLoggerTests */,
				2EF43C482132511400D20283 /* MvvmFoodLoggerUITests */,
			);
		};
/* End PBXProject section */

/* Begin PBXResourcesBuildPhase section */
		2EF43C282132511100D20283 /* Resources */ = {
			isa = PBXResourcesBuildPhase;
			buildActionMask = 2147483647;
			files = (
				2EF43C382132511300D20283 /* LaunchScreen.storyboard in Resources */,
				2EF43C352132511300D20283 /* Assets.xcassets in Resources */,
				2EF43C332132511200D20283 /* Main.storyboard in Resources */,
			);
			runOnlyForDeploymentPostprocessing = 0;
		};
		2EF43C3C2132511400D20283 /* Resources */ = {
			isa = PBXResourcesBuildPhase;
			buildActionMask = 2147483647;
			files = (
			);
			runOnlyForDeploymentPostprocessing = 0;
		};
		2EF43C472132511400D20283 /* Resources */ = {
			isa = PBXResourcesBuildPhase;
			buildActionMask = 2147483647;
			files = (
			);
			runOnlyForDeploymentPostprocessing = 0;
		};
/* End PBXResourcesBuildPhase section */

/* Begin PBXSourcesBuildPhase section */
		2EF43C262132511100D20283 /* Sources */ = {
			isa = PBXSourcesBuildPhase;
			buildActionMask = 2147483647;
			files = (
				2EF43C302132511200D20283 /* ViewController.swift in Sources */,
				2EF43C2E2132511100D20283 /* AppDelegate.swift in Sources */,
			);
			runOnlyForDeploymentPostprocessing = 0;
		};
		2EF43C3A2132511400D20283 /* Sources */ = {
			isa = PBXSourcesBuildPhase;
			buildActionMask = 2147483647;
			files = (
				2EF43C432132511400D20283 /* MvvmFoodLoggerTests.swift in Sources */,
			);
			runOnlyForDeploymentPostprocessing = 0;
		};
		2EF43C452132511400D20283 /* Sources */ = {
			isa = PBXSourcesBuildPhase;
			buildActionMask = 2147483647;
			files = (
				2EF43C4E2132511400D20283 /* MvvmFoodLoggerUITests.swift in Sources */,
			);
			runOnlyForDeploymentPostprocessing = 0;
		};
/* End PBXSourcesBuildPhase section */

/* Begin PBXTargetDependency section */
		2EF43C402132511400D20283 /* PBXTargetDependency */ = {
			isa = PBXTargetDependency;
			target = 2EF43C292132511100D20283 /* MvvmFoodLogger */;
			targetProxy = 2EF43C3F2132511400D20283 /* PBXContainerItemProxy */;
		};
		2EF43C4B2132511400D20283 /* PBXTargetDependency */ = {
			isa = PBXTargetDependency;
			target = 2EF43C292132511100D20283 /* MvvmFoodLogger */;
			targetProxy = 2EF43C4A2132511400D20283 /* PBXContainerItemProxy */;
		};
/* End PBXTargetDependency section */

/* Begin PBXVariantGroup section */
		2EF43C312132511200D20283 /* Main.storyboard */ = {
			isa = PBXVariantGroup;
			children = (
				2EF43C322132511200D20283 /* Base */,
			);
			name = Main.storyboard;
			sourceTree = "<group>";
		};
		2EF43C362132511300D20283 /* LaunchScreen.storyboard */ = {
			isa = PBXVariantGroup;
			children = (
				2EF43C372132511300D20283 /* Base */,
			);
			name = LaunchScreen.storyboard;
			sourceTree = "<group>";
		};
/* End PBXVariantGroup section */

/* Begin XCBuildConfiguration section */
		2EF43C502132511400D20283 /* Debug */ = {
			isa = XCBuildConfiguration;
			buildSettings = {
				ALWAYS_SEARCH_USER_PATHS = NO;
				CLANG_ANALYZER_NONNULL = YES;
				CLANG_ANALYZER_NUMBER_OBJECT_CONVERSION = YES_AGGRESSIVE;
				CLANG_CXX_LANGUAGE_STANDARD = "gnu++14";
				CLANG_CXX_LIBRARY = "libc++";
				CLANG_ENABLE_MODULES = YES;
				CLANG_ENABLE_OBJC_ARC = YES;
				CLANG_ENABLE_OBJC_WEAK = YES;
				CLANG_WARN_BLOCK_CAPTURE_AUTORELEASING = YES;
				CLANG_WARN_BOOL_CONVERSION = YES;
				CLANG_WARN_COMMA = YES;
				CLANG_WARN_CONSTANT_CONVERSION = YES;
				CLANG_WARN_DEPRECATED_OBJC_IMPLEMENTATIONS = YES;
				CLANG_WARN_DIRECT_OBJC_ISA_USAGE = YES_ERROR;
				CLANG_WARN_DOCUMENTATION_COMMENTS = YES;
				CLANG_WARN_EMPTY_BODY = YES;
				CLANG_WARN_ENUM_CONVERSION = YES;
				CLANG_WARN_INFINITE_RECURSION = YES;
				CLANG_WARN_INT_CONVERSION = YES;
				CLANG_WARN_NON_LITERAL_NULL_CONVERSION = YES;
				CLANG_WARN_OBJC_IMPLICIT_RETAIN_SELF = YES;
				CLANG_WARN_OBJC_LITERAL_CONVERSION = YES;
				CLANG_WARN_OBJC_ROOT_CLASS = YES_ERROR;
				CLANG_WARN_RANGE_LOOP_ANALYSIS = YES;
				CLANG_WARN_STRICT_PROTOTYPES = YES;
				CLANG_WARN_SUSPICIOUS_MOVE = YES;
				CLANG_WARN_UNGUARDED_AVAILABILITY = YES_AGGRESSIVE;
				CLANG_WARN_UNREACHABLE_CODE = YES;
				CLANG_WARN__DUPLICATE_METHOD_MATCH = YES;
				CODE_SIGN_IDENTITY = "iPhone Developer";
				COPY_PHASE_STRIP = NO;
				DEBUG_INFORMATION_FORMAT = dwarf;
				ENABLE_STRICT_OBJC_MSGSEND = YES;
				ENABLE_TESTABILITY = YES;
				GCC_C_LANGUAGE_STANDARD = gnu11;
				GCC_DYNAMIC_NO_PIC = NO;
				GCC_NO_COMMON_BLOCKS = YES;
				GCC_OPTIMIZATION_LEVEL = 0;
				GCC_PREPROCESSOR_DEFINITIONS = (
					"DEBUG=1",
					"$(inherited)",
				);
				GCC_WARN_64_TO_32_BIT_CONVERSION = YES;
				GCC_WARN_ABOUT_RETURN_TYPE = YES_ERROR;
				GCC_WARN_UNDECLARED_SELECTOR = YES;
				GCC_WARN_UNINITIALIZED_AUTOS = YES_AGGRESSIVE;
				GCC_WARN_UNUSED_FUNCTION = YES;
				GCC_WARN_UNUSED_VARIABLE = YES;
				IPHONEOS_DEPLOYMENT_TARGET = 11.4;
				MTL_ENABLE_DEBUG_INFO = YES;
				ONLY_ACTIVE_ARCH = YES;
				SDKROOT = iphoneos;
				SWIFT_ACTIVE_COMPILATION_CONDITIONS = DEBUG;
				SWIFT_OPTIMIZATION_LEVEL = "-Onone";
			};
			name = Debug;
		};
		2EF43C512132511400D20283 /* Release */ = {
			isa = XCBuildConfiguration;
			buildSettings = {
				ALWAYS_SEARCH_USER_PATHS = NO;
				CLANG_ANALYZER_NONNULL = YES;
				CLANG_ANALYZER_NUMBER_OBJECT_CONVERSION = YES_AGGRESSIVE;
				CLANG_CXX_LANGUAGE_STANDARD = "gnu++14";
				CLANG_CXX_LIBRARY = "libc++";
				CLANG_ENABLE_MODULES = YES;
				CLANG_ENABLE_OBJC_ARC = YES;
				CLANG_ENABLE_OBJC_WEAK = YES;
				CLANG_WARN_BLOCK_CAPTURE_AUTORELEASING = YES;
				CLANG_WARN_BOOL_CONVERSION = YES;
				CLANG_WARN_COMMA = YES;
				CLANG_WARN_CONSTANT_CONVERSION = YES;
				CLANG_WARN_DEPRECATED_OBJC_IMPLEMENTATIONS = YES;
				CLANG_WARN_DIRECT_OBJC_ISA_USAGE = YES_ERROR;
				CLANG_WARN_DOCUMENTATION_COMMENTS = YES;
				CLANG_WARN_EMPTY_BODY = YES;
				CLANG_WARN_ENUM_CONVERSION = YES;
				CLANG_WARN_INFINITE_RECURSION = YES;
				CLANG_WARN_INT_CONVERSION = YES;
				CLANG_WARN_NON_LITERAL_NULL_CONVERSION = YES;
				CLANG_WARN_OBJC_IMPLICIT_RETAIN_SELF = YES;
				CLANG_WARN_OBJC_LITERAL_CONVERSION = YES;
				CLANG_WARN_OBJC_ROOT_CLASS = YES_ERROR;
				CLANG_WARN_RANGE_LOOP_ANALYSIS = YES;
				CLANG_WARN_STRICT_PROTOTYPES = YES;
				CLANG_WARN_SUSPICIOUS_MOVE = YES;
				CLANG_WARN_UNGUARDED_AVAILABILITY = YES_AGGRESSIVE;
				CLANG_WARN_UNREACHABLE_CODE = YES;
				CLANG_WARN__DUPLICATE_METHOD_MATCH = YES;
				CODE_SIGN_IDENTITY = "iPhone Developer";
				COPY_PHASE_STRIP = NO;
				DEBUG_INFORMATION_FORMAT = "dwarf-with-dsym";
				ENABLE_NS_ASSERTIONS = NO;
				ENABLE_STRICT_OBJC_MSGSEND = YES;
				GCC_C_LANGUAGE_STANDARD = gnu11;
				GCC_NO_COMMON_BLOCKS = YES;
				GCC_WARN_64_TO_32_BIT_CONVERSION = YES;
				GCC_WARN_ABOUT_RETURN_TYPE = YES_ERROR;
				GCC_WARN_UNDECLARED_SELECTOR = YES;
				GCC_WARN_UNINITIALIZED_AUTOS = YES_AGGRESSIVE;
				GCC_WARN_UNUSED_FUNCTION = YES;
				GCC_WARN_UNUSED_VARIABLE = YES;
				IPHONEOS_DEPLOYMENT_TARGET = 11.4;
				MTL_ENABLE_DEBUG_INFO = NO;
				SDKROOT = iphoneos;
				SWIFT_COMPILATION_MODE = wholemodule;
				SWIFT_OPTIMIZATION_LEVEL = "-O";
				VALIDATE_PRODUCT = YES;
			};
			name = Release;
		};
		2EF43C532132511400D20283 /* Debug */ = {
			isa = XCBuildConfiguration;
			buildSettings = {
				ASSETCATALOG_COMPILER_APPICON_NAME = AppIcon;
				CODE_SIGN_STYLE = Automatic;
				DEVELOPMENT_TEAM = 6J4XG67E62;
				INFOPLIST_FILE = MvvmFoodLogger/Info.plist;
				LD_RUNPATH_SEARCH_PATHS = (
					"$(inherited)",
					"@executable_path/Frameworks",
				);
				PRODUCT_BUNDLE_IDENTIFIER = com.kato.MvvmFoodLogger;
				PRODUCT_NAME = "$(TARGET_NAME)";
				SWIFT_VERSION = 4.0;
				TARGETED_DEVICE_FAMILY = "1,2";
			};
			name = Debug;
		};
		2EF43C542132511400D20283 /* Release */ = {
			isa = XCBuildConfiguration;
			buildSettings = {
				ASSETCATALOG_COMPILER_APPICON_NAME = AppIcon;
				CODE_SIGN_STYLE = Automatic;
				DEVELOPMENT_TEAM = 6J4XG67E62;
				INFOPLIST_FILE = MvvmFoodLogger/Info.plist;
				LD_RUNPATH_SEARCH_PATHS = (
					"$(inherited)",
					"@executable_path/Frameworks",
				);
				PRODUCT_BUNDLE_IDENTIFIER = com.kato.MvvmFoodLogger;
				PRODUCT_NAME = "$(TARGET_NAME)";
				SWIFT_VERSION = 4.0;
				TARGETED_DEVICE_FAMILY = "1,2";
			};
			name = Release;
		};
		2EF43C562132511400D20283 /* Debug */ = {
			isa = XCBuildConfiguration;
			buildSettings = {
				ALWAYS_EMBED_SWIFT_STANDARD_LIBRARIES = YES;
				BUNDLE_LOADER = "$(TEST_HOST)";
				CODE_SIGN_STYLE = Automatic;
				DEVELOPMENT_TEAM = 6J4XG67E62;
				INFOPLIST_FILE = MvvmFoodLoggerTests/Info.plist;
				LD_RUNPATH_SEARCH_PATHS = (
					"$(inherited)",
					"@executable_path/Frameworks",
					"@loader_path/Frameworks",
				);
				PRODUCT_BUNDLE_IDENTIFIER = com.kato.MvvmFoodLoggerTests;
				PRODUCT_NAME = "$(TARGET_NAME)";
				SWIFT_VERSION = 4.0;
				TARGETED_DEVICE_FAMILY = "1,2";
				TEST_HOST = "$(BUILT_PRODUCTS_DIR)/MvvmFoodLogger.app/MvvmFoodLogger";
			};
			name = Debug;
		};
		2EF43C572132511400D20283 /* Release */ = {
			isa = XCBuildConfiguration;
			buildSettings = {
				ALWAYS_EMBED_SWIFT_STANDARD_LIBRARIES = YES;
				BUNDLE_LOADER = "$(TEST_HOST)";
				CODE_SIGN_STYLE = Automatic;
				DEVELOPMENT_TEAM = 6J4XG67E62;
				INFOPLIST_FILE = MvvmFoodLoggerTests/Info.plist;
				LD_RUNPATH_SEARCH_PATHS = (
					"$(inherited)",
					"@executable_path/Frameworks",
					"@loader_path/Frameworks",
				);
				PRODUCT_BUNDLE_IDENTIFIER = com.kato.MvvmFoodLoggerTests;
				PRODUCT_NAME = "$(TARGET_NAME)";
				SWIFT_VERSION = 4.0;
				TARGETED_DEVICE_FAMILY = "1,2";
				TEST_HOST = "$(BUILT_PRODUCTS_DIR)/MvvmFoodLogger.app/MvvmFoodLogger";
			};
			name = Release;
		};
		2EF43C592132511400D20283 /* Debug */ = {
			isa = XCBuildConfiguration;
			buildSettings = {
				ALWAYS_EMBED_SWIFT_STANDARD_LIBRARIES = YES;
				CODE_SIGN_STYLE = Automatic;
				DEVELOPMENT_TEAM = 6J4XG67E62;
				INFOPLIST_FILE = MvvmFoodLoggerUITests/Info.plist;
				LD_RUNPATH_SEARCH_PATHS = (
					"$(inherited)",
					"@executable_path/Frameworks",
					"@loader_path/Frameworks",
				);
				PRODUCT_BUNDLE_IDENTIFIER = com.kato.MvvmFoodLoggerUITests;
				PRODUCT_NAME = "$(TARGET_NAME)";
				SWIFT_VERSION = 4.0;
				TARGETED_DEVICE_FAMILY = "1,2";
				TEST_TARGET_NAME = MvvmFoodLogger;
			};
			name = Debug;
		};
		2EF43C5A2132511400D20283 /* Release */ = {
			isa = XCBuildConfiguration;
			buildSettings = {
				ALWAYS_EMBED_SWIFT_STANDARD_LIBRARIES = YES;
				CODE_SIGN_STYLE = Automatic;
				DEVELOPMENT_TEAM = 6J4XG67E62;
				INFOPLIST_FILE = MvvmFoodLoggerUITests/Info.plist;
				LD_RUNPATH_SEARCH_PATHS = (
					"$(inherited)",
					"@executable_path/Frameworks",
					"@loader_path/Frameworks",
				);
				PRODUCT_BUNDLE_IDENTIFIER = com.kato.MvvmFoodLoggerUITests;
				PRODUCT_NAME = "$(TARGET_NAME)";
				SWIFT_VERSION = 4.0;
				TARGETED_DEVICE_FAMILY = "1,2";
				TEST_TARGET_NAME = MvvmFoodLogger;
			};
			name = Release;
		};
/* End XCBuildConfiguration section */

/* Begin XCConfigurationList section */
		2EF43C252132511100D20283 /* Build configuration list for PBXProject "MvvmFoodLogger" */ = {
			isa = XCConfigurationList;
			buildConfigurations = (
				2EF43C502132511400D20283 /* Debug */,
				2EF43C512132511400D20283 /* Release */,
			);
			defaultConfigurationIsVisible = 0;
			defaultConfigurationName = Release;
		};
		2EF43C522132511400D20283 /* Build configuration list for PBXNativeTarget "MvvmFoodLogger" */ = {
			isa = XCConfigurationList;
			buildConfigurations = (
				2EF43C532132511400D20283 /* Debug */,
				2EF43C542132511400D20283 /* Release */,
			);
			defaultConfigurationIsVisible = 0;
			defaultConfigurationName = Release;
		};
		2EF43C552132511400D20283 /* Build configuration list for PBXNativeTarget "MvvmFoodLoggerTests" */ = {
			isa = XCConfigurationList;
			buildConfigurations = (
				2EF43C562132511400D20283 /* Debug */,
				2EF43C572132511400D20283 /* Release */,
			);
			defaultConfigurationIsVisible = 0;
			defaultConfigurationName = Release;
		};
		2EF43C582132511400D20283 /* Build configuration list for PBXNativeTarget "MvvmFoodLoggerUITests" */ = {
			isa = XCConfigurationList;
			buildConfigurations = (
				2EF43C592132511400D20283 /* Debug */,
				2EF43C5A2132511400D20283 /* Release */,
			);
			defaultConfigurationIsVisible = 0;
			defaultConfigurationName = Release;
		};
/* End XCConfigurationList section */
	};
	rootObject = 2EF43C222132511100D20283 /* Project object */;
}
