// !$*UTF8*$!
{
	archiveVersion = 1;
	classes = {
	};
	objectVersion = 50;
	objects = {

/* Begin PBXBuildFile section */
		1C0D16C64E7E44C56E12CF38 /* Pods_MvvmFoodLogger_Tests_MvvmFoodLoggerUITests.framework in Frameworks */ = {isa = PBXBuildFile; fileRef = D00A5FFEB49EBBD1F2A41753 /* Pods_MvvmFoodLogger_Tests_MvvmFoodLoggerUITests.framework */; };
		2E1650B5213ED9740069BE62 /* RestaurantMarker.swift in Sources */ = {isa = PBXBuildFile; fileRef = 2E1650B4213ED9740069BE62 /* RestaurantMarker.swift */; };
		2E1650BD2142ACBC0069BE62 /* InfoContentView.xib in Resources */ = {isa = PBXBuildFile; fileRef = 2E1650BC2142ACBC0069BE62 /* InfoContentView.xib */; };
		2E1650BF2142AD430069BE62 /* InfoContentView.swift in Sources */ = {isa = PBXBuildFile; fileRef = 2E1650BE2142AD430069BE62 /* InfoContentView.swift */; };
		2E1650C221456E800069BE62 /* ViewController+Alert.swift in Sources */ = {isa = PBXBuildFile; fileRef = 2E1650C121456E800069BE62 /* ViewController+Alert.swift */; };
		2E1650C621456FA70069BE62 /* Error.strings in Resources */ = {isa = PBXBuildFile; fileRef = 2E1650C521456FA70069BE62 /* Error.strings */; };
		2E7332C1E13B035B79231588 /* Pods_MvvmFoodLogger_Tests_MvvmFoodLoggerTests.framework in Frameworks */ = {isa = PBXBuildFile; fileRef = 5CBA64C4AFF6034CF8606E89 /* Pods_MvvmFoodLogger_Tests_MvvmFoodLoggerTests.framework */; };
		2EF43C2E2132511100D20283 /* AppDelegate.swift in Sources */ = {isa = PBXBuildFile; fileRef = 2EF43C2D2132511100D20283 /* AppDelegate.swift */; };
		2EF43C352132511300D20283 /* Assets.xcassets in Resources */ = {isa = PBXBuildFile; fileRef = 2EF43C342132511300D20283 /* Assets.xcassets */; };
		2EF43C382132511300D20283 /* LaunchScreen.storyboard in Resources */ = {isa = PBXBuildFile; fileRef = 2EF43C362132511300D20283 /* LaunchScreen.storyboard */; };
		2EF43C432132511400D20283 /* MvvmFoodLoggerTests.swift in Sources */ = {isa = PBXBuildFile; fileRef = 2EF43C422132511400D20283 /* MvvmFoodLoggerTests.swift */; };
		2EF43C4E2132511400D20283 /* MvvmFoodLoggerUITests.swift in Sources */ = {isa = PBXBuildFile; fileRef = 2EF43C4D2132511400D20283 /* MvvmFoodLoggerUITests.swift */; };
		2EF43C5D213254CA00D20283 /* RxSwift.framework in Frameworks */ = {isa = PBXBuildFile; fileRef = 2EF43C5C213254C900D20283 /* RxSwift.framework */; };
		2EF43C67213254EE00D20283 /* ReactiveMoya.framework in Frameworks */ = {isa = PBXBuildFile; fileRef = 2EF43C5E213254ED00D20283 /* ReactiveMoya.framework */; };
		2EF43C68213254EE00D20283 /* Result.framework in Frameworks */ = {isa = PBXBuildFile; fileRef = 2EF43C5F213254ED00D20283 /* Result.framework */; };
		2EF43C6A213254EE00D20283 /* ReactiveSwift.framework in Frameworks */ = {isa = PBXBuildFile; fileRef = 2EF43C61213254ED00D20283 /* ReactiveSwift.framework */; };
		2EF43C6C213254EE00D20283 /* RxCocoa.framework in Frameworks */ = {isa = PBXBuildFile; fileRef = 2EF43C63213254EE00D20283 /* RxCocoa.framework */; };
		2EF43C6D213254EE00D20283 /* Moya.framework in Frameworks */ = {isa = PBXBuildFile; fileRef = 2EF43C64213254EE00D20283 /* Moya.framework */; };
		2EF43C6F213254EE00D20283 /* RxMoya.framework in Frameworks */ = {isa = PBXBuildFile; fileRef = 2EF43C66213254EE00D20283 /* RxMoya.framework */; };
		2EF43C722132578B00D20283 /* Realm.framework in Frameworks */ = {isa = PBXBuildFile; fileRef = 2EF43C702132578B00D20283 /* Realm.framework */; };
		2EF43C732132578B00D20283 /* RealmSwift.framework in Frameworks */ = {isa = PBXBuildFile; fileRef = 2EF43C712132578B00D20283 /* RealmSwift.framework */; };
		2EF43C7621325A9C00D20283 /* AlamofireImage.framework in Frameworks */ = {isa = PBXBuildFile; fileRef = 2EF43C7521325A9C00D20283 /* AlamofireImage.framework */; };
		2EF43C7821325AE700D20283 /* Alamofire.framework in Frameworks */ = {isa = PBXBuildFile; fileRef = 2EF43C7721325AE700D20283 /* Alamofire.framework */; };
		2EF43C7B21325B6400D20283 /* key.plist in Resources */ = {isa = PBXBuildFile; fileRef = 2EF43C7A21325B6400D20283 /* key.plist */; };
		2EF43C7D21325BE700D20283 /* R.generated.swift in Sources */ = {isa = PBXBuildFile; fileRef = 2EF43C7C21325BE700D20283 /* R.generated.swift */; };
		2EF43C8321325C9300D20283 /* Place.swift in Sources */ = {isa = PBXBuildFile; fileRef = 2EF43C8221325C9300D20283 /* Place.swift */; };
		2EF43C8521325CA700D20283 /* Places.swift in Sources */ = {isa = PBXBuildFile; fileRef = 2EF43C8421325CA700D20283 /* Places.swift */; };
		2EF43C8721325CE400D20283 /* PlacesViewModel.swift in Sources */ = {isa = PBXBuildFile; fileRef = 2EF43C8621325CE400D20283 /* PlacesViewModel.swift */; };
		2EF43C8921325D2D00D20283 /* Injectable.swift in Sources */ = {isa = PBXBuildFile; fileRef = 2EF43C8821325D2D00D20283 /* Injectable.swift */; };
		2EF43C8B2132657E00D20283 /* GooglePlacesAPI.swift in Sources */ = {isa = PBXBuildFile; fileRef = 2EF43C8A2132657E00D20283 /* GooglePlacesAPI.swift */; };
		2EF43C8D213265D800D20283 /* Url.strings in Resources */ = {isa = PBXBuildFile; fileRef = 2EF43C8C213265D800D20283 /* Url.strings */; };
		2EF43C8F213265F300D20283 /* Common.strings in Resources */ = {isa = PBXBuildFile; fileRef = 2EF43C8E213265F300D20283 /* Common.strings */; };
		2EF43C95213A32EC00D20283 /* RxBlocking.framework in Frameworks */ = {isa = PBXBuildFile; fileRef = 2EF43C65213254EE00D20283 /* RxBlocking.framework */; };
		2EF43C96213A32EC00D20283 /* RxTest.framework in Frameworks */ = {isa = PBXBuildFile; fileRef = 2EF43C60213254ED00D20283 /* RxTest.framework */; };
		2EF43C9C213A3C5600D20283 /* PlacesViewController.swift in Sources */ = {isa = PBXBuildFile; fileRef = 2EF43C9A213A3C5600D20283 /* PlacesViewController.swift */; };
		2EF43C9D213A3C5600D20283 /* PlacesViewController.xib in Resources */ = {isa = PBXBuildFile; fileRef = 2EF43C9B213A3C5600D20283 /* PlacesViewController.xib */; };
		2EF43C9F213A68AB00D20283 /* LocationManager.swift in Sources */ = {isa = PBXBuildFile; fileRef = 2EF43C9E213A68AB00D20283 /* LocationManager.swift */; };
		67B5E4502AC696EC3F6C981A /* Pods_MvvmFoodLogger.framework in Frameworks */ = {isa = PBXBuildFile; fileRef = 61EF5950DBB3DBC3B111C610 /* Pods_MvvmFoodLogger.framework */; };
/* End PBXBuildFile section */

/* Begin PBXContainerItemProxy section */
		2EF43C3F2132511400D20283 /* PBXContainerItemProxy */ = {
			isa = PBXContainerItemProxy;
			containerPortal = 2EF43C222132511100D20283 /* Project object */;
			proxyType = 1;
			remoteGlobalIDString = 2EF43C292132511100D20283;
			remoteInfo = MvvmFoodLogger;
		};
		2EF43C4A2132511400D20283 /* PBXContainerItemProxy */ = {
			isa = PBXContainerItemProxy;
			containerPortal = 2EF43C222132511100D20283 /* Project object */;
			proxyType = 1;
			remoteGlobalIDString = 2EF43C292132511100D20283;
			remoteInfo = MvvmFoodLogger;
		};
/* End PBXContainerItemProxy section */

/* Begin PBXFileReference section */
		0BAA21FDCB61991EDD647D93 /* Pods-MvvmFoodLogger.debug.xcconfig */ = {isa = PBXFileReference; includeInIndex = 1; lastKnownFileType = text.xcconfig; name = "Pods-MvvmFoodLogger.debug.xcconfig"; path = "Pods/Target Support Files/Pods-MvvmFoodLogger/Pods-MvvmFoodLogger.debug.xcconfig"; sourceTree = "<group>"; };
		2E1650B4213ED9740069BE62 /* RestaurantMarker.swift */ = {isa = PBXFileReference; lastKnownFileType = sourcecode.swift; path = RestaurantMarker.swift; sourceTree = "<group>"; };
		2E1650BC2142ACBC0069BE62 /* InfoContentView.xib */ = {isa = PBXFileReference; lastKnownFileType = file.xib; path = InfoContentView.xib; sourceTree = "<group>"; };
		2E1650BE2142AD430069BE62 /* InfoContentView.swift */ = {isa = PBXFileReference; lastKnownFileType = sourcecode.swift; path = InfoContentView.swift; sourceTree = "<group>"; };
		2E1650C121456E800069BE62 /* ViewController+Alert.swift */ = {isa = PBXFileReference; lastKnownFileType = sourcecode.swift; path = "ViewController+Alert.swift"; sourceTree = "<group>"; };
		2E1650C521456FA70069BE62 /* Error.strings */ = {isa = PBXFileReference; lastKnownFileType = text.plist.strings; path = Error.strings; sourceTree = "<group>"; };
		2EF43C2A2132511100D20283 /* MvvmFoodLogger.app */ = {isa = PBXFileReference; explicitFileType = wrapper.application; includeInIndex = 0; path = MvvmFoodLogger.app; sourceTree = BUILT_PRODUCTS_DIR; };
		2EF43C2D2132511100D20283 /* AppDelegate.swift */ = {isa = PBXFileReference; lastKnownFileType = sourcecode.swift; path = AppDelegate.swift; sourceTree = "<group>"; };
		2EF43C342132511300D20283 /* Assets.xcassets */ = {isa = PBXFileReference; lastKnownFileType = folder.assetcatalog; path = Assets.xcassets; sourceTree = "<group>"; };
		2EF43C372132511300D20283 /* Base */ = {isa = PBXFileReference; lastKnownFileType = file.storyboard; name = Base; path = Base.lproj/LaunchScreen.storyboard; sourceTree = "<group>"; };
		2EF43C392132511300D20283 /* Info.plist */ = {isa = PBXFileReference; lastKnownFileType = text.plist.xml; path = Info.plist; sourceTree = "<group>"; };
		2EF43C3E2132511400D20283 /* MvvmFoodLoggerTests.xctest */ = {isa = PBXFileReference; explicitFileType = wrapper.cfbundle; includeInIndex = 0; path = MvvmFoodLoggerTests.xctest; sourceTree = BUILT_PRODUCTS_DIR; };
		2EF43C422132511400D20283 /* MvvmFoodLoggerTests.swift */ = {isa = PBXFileReference; lastKnownFileType = sourcecode.swift; path = MvvmFoodLoggerTests.swift; sourceTree = "<group>"; };
		2EF43C442132511400D20283 /* Info.plist */ = {isa = PBXFileReference; lastKnownFileType = text.plist.xml; path = Info.plist; sourceTree = "<group>"; };
		2EF43C492132511400D20283 /* MvvmFoodLoggerUITests.xctest */ = {isa = PBXFileReference; explicitFileType = wrapper.cfbundle; includeInIndex = 0; path = MvvmFoodLoggerUITests.xctest; sourceTree = BUILT_PRODUCTS_DIR; };
		2EF43C4D2132511400D20283 /* MvvmFoodLoggerUITests.swift */ = {isa = PBXFileReference; lastKnownFileType = sourcecode.swift; path = MvvmFoodLoggerUITests.swift; sourceTree = "<group>"; };
		2EF43C4F2132511400D20283 /* Info.plist */ = {isa = PBXFileReference; lastKnownFileType = text.plist.xml; path = Info.plist; sourceTree = "<group>"; };
		2EF43C5C213254C900D20283 /* RxSwift.framework */ = {isa = PBXFileReference; lastKnownFileType = wrapper.framework; name = RxSwift.framework; path = Carthage/Build/iOS/RxSwift.framework; sourceTree = "<group>"; };
		2EF43C5E213254ED00D20283 /* ReactiveMoya.framework */ = {isa = PBXFileReference; lastKnownFileType = wrapper.framework; name = ReactiveMoya.framework; path = Carthage/Build/iOS/ReactiveMoya.framework; sourceTree = "<group>"; };
		2EF43C5F213254ED00D20283 /* Result.framework */ = {isa = PBXFileReference; lastKnownFileType = wrapper.framework; name = Result.framework; path = Carthage/Build/iOS/Result.framework; sourceTree = "<group>"; };
		2EF43C60213254ED00D20283 /* RxTest.framework */ = {isa = PBXFileReference; lastKnownFileType = wrapper.framework; name = RxTest.framework; path = Carthage/Build/iOS/RxTest.framework; sourceTree = "<group>"; };
		2EF43C61213254ED00D20283 /* ReactiveSwift.framework */ = {isa = PBXFileReference; lastKnownFileType = wrapper.framework; name = ReactiveSwift.framework; path = Carthage/Build/iOS/ReactiveSwift.framework; sourceTree = "<group>"; };
		2EF43C62213254EE00D20283 /* PromiseKit.framework */ = {isa = PBXFileReference; lastKnownFileType = wrapper.framework; name = PromiseKit.framework; path = Carthage/Build/iOS/PromiseKit.framework; sourceTree = "<group>"; };
		2EF43C63213254EE00D20283 /* RxCocoa.framework */ = {isa = PBXFileReference; lastKnownFileType = wrapper.framework; name = RxCocoa.framework; path = Carthage/Build/iOS/RxCocoa.framework; sourceTree = "<group>"; };
		2EF43C64213254EE00D20283 /* Moya.framework */ = {isa = PBXFileReference; lastKnownFileType = wrapper.framework; name = Moya.framework; path = Carthage/Build/iOS/Moya.framework; sourceTree = "<group>"; };
		2EF43C65213254EE00D20283 /* RxBlocking.framework */ = {isa = PBXFileReference; lastKnownFileType = wrapper.framework; name = RxBlocking.framework; path = Carthage/Build/iOS/RxBlocking.framework; sourceTree = "<group>"; };
		2EF43C66213254EE00D20283 /* RxMoya.framework */ = {isa = PBXFileReference; lastKnownFileType = wrapper.framework; name = RxMoya.framework; path = Carthage/Build/iOS/RxMoya.framework; sourceTree = "<group>"; };
		2EF43C702132578B00D20283 /* Realm.framework */ = {isa = PBXFileReference; lastKnownFileType = wrapper.framework; name = Realm.framework; path = Carthage/Build/iOS/Realm.framework; sourceTree = "<group>"; };
		2EF43C712132578B00D20283 /* RealmSwift.framework */ = {isa = PBXFileReference; lastKnownFileType = wrapper.framework; name = RealmSwift.framework; path = Carthage/Build/iOS/RealmSwift.framework; sourceTree = "<group>"; };
		2EF43C7521325A9C00D20283 /* AlamofireImage.framework */ = {isa = PBXFileReference; lastKnownFileType = wrapper.framework; name = AlamofireImage.framework; path = Carthage/Build/iOS/AlamofireImage.framework; sourceTree = "<group>"; };
		2EF43C7721325AE700D20283 /* Alamofire.framework */ = {isa = PBXFileReference; lastKnownFileType = wrapper.framework; name = Alamofire.framework; path = Carthage/Build/iOS/Alamofire.framework; sourceTree = "<group>"; };
		2EF43C7A21325B6400D20283 /* key.plist */ = {isa = PBXFileReference; lastKnownFileType = text.plist.xml; path = key.plist; sourceTree = "<group>"; };
		2EF43C7C21325BE700D20283 /* R.generated.swift */ = {isa = PBXFileReference; fileEncoding = 4; lastKnownFileType = sourcecode.swift; path = R.generated.swift; sourceTree = SOURCE_ROOT; };
		2EF43C8221325C9300D20283 /* Place.swift */ = {isa = PBXFileReference; lastKnownFileType = sourcecode.swift; path = Place.swift; sourceTree = "<group>"; };
		2EF43C8421325CA700D20283 /* Places.swift */ = {isa = PBXFileReference; lastKnownFileType = sourcecode.swift; path = Places.swift; sourceTree = "<group>"; };
		2EF43C8621325CE400D20283 /* PlacesViewModel.swift */ = {isa = PBXFileReference; lastKnownFileType = sourcecode.swift; path = PlacesViewModel.swift; sourceTree = "<group>"; };
		2EF43C8821325D2D00D20283 /* Injectable.swift */ = {isa = PBXFileReference; lastKnownFileType = sourcecode.swift; path = Injectable.swift; sourceTree = "<group>"; };
		2EF43C8A2132657E00D20283 /* GooglePlacesAPI.swift */ = {isa = PBXFileReference; lastKnownFileType = sourcecode.swift; path = GooglePlacesAPI.swift; sourceTree = "<group>"; };
		2EF43C8C213265D800D20283 /* Url.strings */ = {isa = PBXFileReference; lastKnownFileType = text.plist.strings; path = Url.strings; sourceTree = "<group>"; };
		2EF43C8E213265F300D20283 /* Common.strings */ = {isa = PBXFileReference; lastKnownFileType = text.plist.strings; path = Common.strings; sourceTree = "<group>"; };
		2EF43C9A213A3C5600D20283 /* PlacesViewController.swift */ = {isa = PBXFileReference; lastKnownFileType = sourcecode.swift; path = PlacesViewController.swift; sourceTree = "<group>"; };
		2EF43C9B213A3C5600D20283 /* PlacesViewController.xib */ = {isa = PBXFileReference; lastKnownFileType = file.xib; path = PlacesViewController.xib; sourceTree = "<group>"; };
		2EF43C9E213A68AB00D20283 /* LocationManager.swift */ = {isa = PBXFileReference; lastKnownFileType = sourcecode.swift; path = LocationManager.swift; sourceTree = "<group>"; };
		3B360E88B171E8EFFB3BDBC6 /* Pods-MvvmFoodLogger-Tests-MvvmFoodLoggerUITests.release.xcconfig */ = {isa = PBXFileReference; includeInIndex = 1; lastKnownFileType = text.xcconfig; name = "Pods-MvvmFoodLogger-Tests-MvvmFoodLoggerUITests.release.xcconfig"; path = "Pods/Target Support Files/Pods-MvvmFoodLogger-Tests-MvvmFoodLoggerUITests/Pods-MvvmFoodLogger-Tests-MvvmFoodLoggerUITests.release.xcconfig"; sourceTree = "<group>"; };
		5CBA64C4AFF6034CF8606E89 /* Pods_MvvmFoodLogger_Tests_MvvmFoodLoggerTests.framework */ = {isa = PBXFileReference; explicitFileType = wrapper.framework; includeInIndex = 0; path = Pods_MvvmFoodLogger_Tests_MvvmFoodLoggerTests.framework; sourceTree = BUILT_PRODUCTS_DIR; };
		61EF5950DBB3DBC3B111C610 /* Pods_MvvmFoodLogger.framework */ = {isa = PBXFileReference; explicitFileType = wrapper.framework; includeInIndex = 0; path = Pods_MvvmFoodLogger.framework; sourceTree = BUILT_PRODUCTS_DIR; };
		93D8ECBC9163C8B9D066C539 /* Pods-MvvmFoodLogger-Tests-MvvmFoodLoggerTests.debug.xcconfig */ = {isa = PBXFileReference; includeInIndex = 1; lastKnownFileType = text.xcconfig; name = "Pods-MvvmFoodLogger-Tests-MvvmFoodLoggerTests.debug.xcconfig"; path = "Pods/Target Support Files/Pods-MvvmFoodLogger-Tests-MvvmFoodLoggerTests/Pods-MvvmFoodLogger-Tests-MvvmFoodLoggerTests.debug.xcconfig"; sourceTree = "<group>"; };
		C505BBDD429EC04DC5B1667F /* Pods-MvvmFoodLogger.release.xcconfig */ = {isa = PBXFileReference; includeInIndex = 1; lastKnownFileType = text.xcconfig; name = "Pods-MvvmFoodLogger.release.xcconfig"; path = "Pods/Target Support Files/Pods-MvvmFoodLogger/Pods-MvvmFoodLogger.release.xcconfig"; sourceTree = "<group>"; };
		CD9BDE3DAB9586B9AF736C95 /* Pods-MvvmFoodLogger-Tests-MvvmFoodLoggerTests.release.xcconfig */ = {isa = PBXFileReference; includeInIndex = 1; lastKnownFileType = text.xcconfig; name = "Pods-MvvmFoodLogger-Tests-MvvmFoodLoggerTests.release.xcconfig"; path = "Pods/Target Support Files/Pods-MvvmFoodLogger-Tests-MvvmFoodLoggerTests/Pods-MvvmFoodLogger-Tests-MvvmFoodLoggerTests.release.xcconfig"; sourceTree = "<group>"; };
		CE373BC137FD0B02F4DBECD7 /* Pods-MvvmFoodLogger-Tests-MvvmFoodLoggerUITests.debug.xcconfig */ = {isa = PBXFileReference; includeInIndex = 1; lastKnownFileType = text.xcconfig; name = "Pods-MvvmFoodLogger-Tests-MvvmFoodLoggerUITests.debug.xcconfig"; path = "Pods/Target Support Files/Pods-MvvmFoodLogger-Tests-MvvmFoodLoggerUITests/Pods-MvvmFoodLogger-Tests-MvvmFoodLoggerUITests.debug.xcconfig"; sourceTree = "<group>"; };
		D00A5FFEB49EBBD1F2A41753 /* Pods_MvvmFoodLogger_Tests_MvvmFoodLoggerUITests.framework */ = {isa = PBXFileReference; explicitFileType = wrapper.framework; includeInIndex = 0; path = Pods_MvvmFoodLogger_Tests_MvvmFoodLoggerUITests.framework; sourceTree = BUILT_PRODUCTS_DIR; };
/* End PBXFileReference section */

/* Begin PBXFrameworksBuildPhase section */
		2EF43C272132511100D20283 /* Frameworks */ = {
			isa = PBXFrameworksBuildPhase;
			buildActionMask = 2147483647;
			files = (
				2EF43C7821325AE700D20283 /* Alamofire.framework in Frameworks */,
				2EF43C7621325A9C00D20283 /* AlamofireImage.framework in Frameworks */,
				2EF43C722132578B00D20283 /* Realm.framework in Frameworks */,
				2EF43C732132578B00D20283 /* RealmSwift.framework in Frameworks */,
				2EF43C67213254EE00D20283 /* ReactiveMoya.framework in Frameworks */,
				2EF43C68213254EE00D20283 /* Result.framework in Frameworks */,
				2EF43C6A213254EE00D20283 /* ReactiveSwift.framework in Frameworks */,
				2EF43C6C213254EE00D20283 /* RxCocoa.framework in Frameworks */,
				2EF43C6D213254EE00D20283 /* Moya.framework in Frameworks */,
				2EF43C6F213254EE00D20283 /* RxMoya.framework in Frameworks */,
				2EF43C5D213254CA00D20283 /* RxSwift.framework in Frameworks */,
				67B5E4502AC696EC3F6C981A /* Pods_MvvmFoodLogger.framework in Frameworks */,
			);
			runOnlyForDeploymentPostprocessing = 0;
		};
		2EF43C3B2132511400D20283 /* Frameworks */ = {
			isa = PBXFrameworksBuildPhase;
			buildActionMask = 2147483647;
			files = (
				2EF43C95213A32EC00D20283 /* RxBlocking.framework in Frameworks */,
				2EF43C96213A32EC00D20283 /* RxTest.framework in Frameworks */,
				2E7332C1E13B035B79231588 /* Pods_MvvmFoodLogger_Tests_MvvmFoodLoggerTests.framework in Frameworks */,
			);
			runOnlyForDeploymentPostprocessing = 0;
		};
		2EF43C462132511400D20283 /* Frameworks */ = {
			isa = PBXFrameworksBuildPhase;
			buildActionMask = 2147483647;
			files = (
				1C0D16C64E7E44C56E12CF38 /* Pods_MvvmFoodLogger_Tests_MvvmFoodLoggerUITests.framework in Frameworks */,
			);
			runOnlyForDeploymentPostprocessing = 0;
		};
/* End PBXFrameworksBuildPhase section */

/* Begin PBXGroup section */
		2E1650BB2142ACAB0069BE62 /* Parts */ = {
			isa = PBXGroup;
			children = (
				2E1650BC2142ACBC0069BE62 /* InfoContentView.xib */,
				2E1650BE2142AD430069BE62 /* InfoContentView.swift */,
			);
			path = Parts;
			sourceTree = "<group>";
		};
		2E1650C021456E610069BE62 /* Extensions */ = {
			isa = PBXGroup;
			children = (
				2E1650C121456E800069BE62 /* ViewController+Alert.swift */,
			);
			path = Extensions;
			sourceTree = "<group>";
		};
		2EF43C212132511100D20283 = {
			isa = PBXGroup;
			children = (
				2EF43C2C2132511100D20283 /* MvvmFoodLogger */,
				2EF43C412132511400D20283 /* MvvmFoodLoggerTests */,
				2EF43C4C2132511400D20283 /* MvvmFoodLoggerUITests */,
				2EF43C2B2132511100D20283 /* Products */,
				2EF43C5B213254C900D20283 /* Frameworks */,
				31950B872FDA3709E9BDA9EF /* Pods */,
			);
			sourceTree = "<group>";
		};
		2EF43C2B2132511100D20283 /* Products */ = {
			isa = PBXGroup;
			children = (
				2EF43C2A2132511100D20283 /* MvvmFoodLogger.app */,
				2EF43C3E2132511400D20283 /* MvvmFoodLoggerTests.xctest */,
				2EF43C492132511400D20283 /* MvvmFoodLoggerUITests.xctest */,
			);
			name = Products;
			sourceTree = "<group>";
		};
		2EF43C2C2132511100D20283 /* MvvmFoodLogger */ = {
			isa = PBXGroup;
			children = (
				2EF43C8121325C5200D20283 /* Protocol */,
				2EF43C8021325C4900D20283 /* ViewModel */,
				2EF43C7F21325C4300D20283 /* View */,
				2EF43C7E21325C3600D20283 /* Model */,
				2EF43C7921325B4700D20283 /* Resources */,
				2EF43C2D2132511100D20283 /* AppDelegate.swift */,
				2EF43C342132511300D20283 /* Assets.xcassets */,
				2EF43C362132511300D20283 /* LaunchScreen.storyboard */,
				2EF43C392132511300D20283 /* Info.plist */,
			);
			path = MvvmFoodLogger;
			sourceTree = "<group>";
		};
		2EF43C412132511400D20283 /* MvvmFoodLoggerTests */ = {
			isa = PBXGroup;
			children = (
				2EF43C422132511400D20283 /* MvvmFoodLoggerTests.swift */,
				2EF43C442132511400D20283 /* Info.plist */,
			);
			path = MvvmFoodLoggerTests;
			sourceTree = "<group>";
		};
		2EF43C4C2132511400D20283 /* MvvmFoodLoggerUITests */ = {
			isa = PBXGroup;
			children = (
				2EF43C4D2132511400D20283 /* MvvmFoodLoggerUITests.swift */,
				2EF43C4F2132511400D20283 /* Info.plist */,
			);
			path = MvvmFoodLoggerUITests;
			sourceTree = "<group>";
		};
		2EF43C5B213254C900D20283 /* Frameworks */ = {
			isa = PBXGroup;
			children = (
				2EF43C7721325AE700D20283 /* Alamofire.framework */,
				2EF43C7521325A9C00D20283 /* AlamofireImage.framework */,
				2EF43C702132578B00D20283 /* Realm.framework */,
				2EF43C712132578B00D20283 /* RealmSwift.framework */,
				2EF43C64213254EE00D20283 /* Moya.framework */,
				2EF43C62213254EE00D20283 /* PromiseKit.framework */,
				2EF43C5E213254ED00D20283 /* ReactiveMoya.framework */,
				2EF43C61213254ED00D20283 /* ReactiveSwift.framework */,
				2EF43C5F213254ED00D20283 /* Result.framework */,
				2EF43C65213254EE00D20283 /* RxBlocking.framework */,
				2EF43C63213254EE00D20283 /* RxCocoa.framework */,
				2EF43C66213254EE00D20283 /* RxMoya.framework */,
				2EF43C60213254ED00D20283 /* RxTest.framework */,
				2EF43C5C213254C900D20283 /* RxSwift.framework */,
				61EF5950DBB3DBC3B111C610 /* Pods_MvvmFoodLogger.framework */,
				5CBA64C4AFF6034CF8606E89 /* Pods_MvvmFoodLogger_Tests_MvvmFoodLoggerTests.framework */,
				D00A5FFEB49EBBD1F2A41753 /* Pods_MvvmFoodLogger_Tests_MvvmFoodLoggerUITests.framework */,
			);
			name = Frameworks;
			sourceTree = "<group>";
		};
		2EF43C7921325B4700D20283 /* Resources */ = {
			isa = PBXGroup;
			children = (
				2EF43C7C21325BE700D20283 /* R.generated.swift */,
				2EF43C7A21325B6400D20283 /* key.plist */,
				2EF43C8C213265D800D20283 /* Url.strings */,
				2EF43C8E213265F300D20283 /* Common.strings */,
				2E1650C521456FA70069BE62 /* Error.strings */,
			);
			path = Resources;
			sourceTree = "<group>";
		};
		2EF43C7E21325C3600D20283 /* Model */ = {
			isa = PBXGroup;
			children = (
				2EF43C8221325C9300D20283 /* Place.swift */,
				2EF43C8421325CA700D20283 /* Places.swift */,
				2EF43C8A2132657E00D20283 /* GooglePlacesAPI.swift */,
				2EF43C9E213A68AB00D20283 /* LocationManager.swift */,
				2E1650B4213ED9740069BE62 /* RestaurantMarker.swift */,
			);
			path = Model;
			sourceTree = "<group>";
		};
		2EF43C7F21325C4300D20283 /* View */ = {
			isa = PBXGroup;
			children = (
				2E1650C021456E610069BE62 /* Extensions */,
				2E1650BB2142ACAB0069BE62 /* Parts */,
				2EF43C9A213A3C5600D20283 /* PlacesViewController.swift */,
				2EF43C9B213A3C5600D20283 /* PlacesViewController.xib */,
			);
			path = View;
			sourceTree = "<group>";
		};
		2EF43C8021325C4900D20283 /* ViewModel */ = {
			isa = PBXGroup;
			children = (
				2EF43C8621325CE400D20283 /* PlacesViewModel.swift */,
			);
			path = ViewModel;
			sourceTree = "<group>";
		};
		2EF43C8121325C5200D20283 /* Protocol */ = {
			isa = PBXGroup;
			children = (
				2EF43C8821325D2D00D20283 /* Injectable.swift */,
			);
			path = Protocol;
			sourceTree = "<group>";
		};
		31950B872FDA3709E9BDA9EF /* Pods */ = {
			isa = PBXGroup;
			children = (
				0BAA21FDCB61991EDD647D93 /* Pods-MvvmFoodLogger.debug.xcconfig */,
				C505BBDD429EC04DC5B1667F /* Pods-MvvmFoodLogger.release.xcconfig */,
				93D8ECBC9163C8B9D066C539 /* Pods-MvvmFoodLogger-Tests-MvvmFoodLoggerTests.debug.xcconfig */,
				CD9BDE3DAB9586B9AF736C95 /* Pods-MvvmFoodLogger-Tests-MvvmFoodLoggerTests.release.xcconfig */,
				CE373BC137FD0B02F4DBECD7 /* Pods-MvvmFoodLogger-Tests-MvvmFoodLoggerUITests.debug.xcconfig */,
				3B360E88B171E8EFFB3BDBC6 /* Pods-MvvmFoodLogger-Tests-MvvmFoodLoggerUITests.release.xcconfig */,
			);
			name = Pods;
			sourceTree = "<group>";
		};
/* End PBXGroup section */

/* Begin PBXNativeTarget section */
		2EF43C292132511100D20283 /* MvvmFoodLogger */ = {
			isa = PBXNativeTarget;
			buildConfigurationList = 2EF43C522132511400D20283 /* Build configuration list for PBXNativeTarget "MvvmFoodLogger" */;
			buildPhases = (
				3282EC7A6151644C9C9E42E1 /* [CP] Check Pods Manifest.lock */,
				2EF43C262132511100D20283 /* Sources */,
				2EF43C272132511100D20283 /* Frameworks */,
				2EF43C282132511100D20283 /* Resources */,
				22B13273CA4DC86F52A0DB16 /* [CP] Embed Pods Frameworks */,
				48CF4B3451DF9C10F6EB4AC8 /* [CP] Copy Pods Resources */,
				2EF43C742132591B00D20283 /* ShellScript */,
				2EF43C94213844D500D20283 /* ShellScript */,
			);
			buildRules = (
			);
			dependencies = (
			);
			name = MvvmFoodLogger;
			productName = MvvmFoodLogger;
			productReference = 2EF43C2A2132511100D20283 /* MvvmFoodLogger.app */;
			productType = "com.apple.product-type.application";
		};
		2EF43C3D2132511400D20283 /* MvvmFoodLoggerTests */ = {
			isa = PBXNativeTarget;
			buildConfigurationList = 2EF43C552132511400D20283 /* Build configuration list for PBXNativeTarget "MvvmFoodLoggerTests" */;
			buildPhases = (
				4F03CEA8644ACA1AAEBC375E /* [CP] Check Pods Manifest.lock */,
				2EF43C3A2132511400D20283 /* Sources */,
				2EF43C3B2132511400D20283 /* Frameworks */,
				2EF43C3C2132511400D20283 /* Resources */,
				0849A917A2972128689B7CFA /* [CP] Embed Pods Frameworks */,
				86550AC330706F28F7C78654 /* [CP] Copy Pods Resources */,
				2EF43C97213A330500D20283 /* ShellScript */,
			);
			buildRules = (
			);
			dependencies = (
				2EF43C402132511400D20283 /* PBXTargetDependency */,
			);
			name = MvvmFoodLoggerTests;
			productName = MvvmFoodLoggerTests;
			productReference = 2EF43C3E2132511400D20283 /* MvvmFoodLoggerTests.xctest */;
			productType = "com.apple.product-type.bundle.unit-test";
		};
		2EF43C482132511400D20283 /* MvvmFoodLoggerUITests */ = {
			isa = PBXNativeTarget;
			buildConfigurationList = 2EF43C582132511400D20283 /* Build configuration list for PBXNativeTarget "MvvmFoodLoggerUITests" */;
			buildPhases = (
				F9DD5F1123351404EBAAE462 /* [CP] Check Pods Manifest.lock */,
				2EF43C452132511400D20283 /* Sources */,
				2EF43C462132511400D20283 /* Frameworks */,
				2EF43C472132511400D20283 /* Resources */,
				D82E78703E08837A69B02B83 /* [CP] Embed Pods Frameworks */,
				C128B058702E9332EED8CE67 /* [CP] Copy Pods Resources */,
			);
			buildRules = (
			);
			dependencies = (
				2EF43C4B2132511400D20283 /* PBXTargetDependency */,
			);
			name = MvvmFoodLoggerUITests;
			productName = MvvmFoodLoggerUITests;
			productReference = 2EF43C492132511400D20283 /* MvvmFoodLoggerUITests.xctest */;
			productType = "com.apple.product-type.bundle.ui-testing";
		};
/* End PBXNativeTarget section */

/* Begin PBXProject section */
		2EF43C222132511100D20283 /* Project object */ = {
			isa = PBXProject;
			attributes = {
				LastSwiftUpdateCheck = 0940;
				LastUpgradeCheck = 0940;
				ORGANIZATIONNAME = "Takahiro Kato";
				TargetAttributes = {
					2EF43C292132511100D20283 = {
						CreatedOnToolsVersion = 9.4.1;
					};
					2EF43C3D2132511400D20283 = {
						CreatedOnToolsVersion = 9.4.1;
						TestTargetID = 2EF43C292132511100D20283;
					};
					2EF43C482132511400D20283 = {
						CreatedOnToolsVersion = 9.4.1;
						TestTargetID = 2EF43C292132511100D20283;
					};
				};
			};
			buildConfigurationList = 2EF43C252132511100D20283 /* Build configuration list for PBXProject "MvvmFoodLogger" */;
			compatibilityVersion = "Xcode 9.3";
			developmentRegion = en;
			hasScannedForEncodings = 0;
			knownRegions = (
				en,
				Base,
			);
			mainGroup = 2EF43C212132511100D20283;
			productRefGroup = 2EF43C2B2132511100D20283 /* Products */;
			projectDirPath = "";
			projectRoot = "";
			targets = (
				2EF43C292132511100D20283 /* MvvmFoodLogger */,
				2EF43C3D2132511400D20283 /* MvvmFoodLoggerTests */,
				2EF43C482132511400D20283 /* MvvmFoodLoggerUITests */,
			);
		};
/* End PBXProject section */

/* Begin PBXResourcesBuildPhase section */
		2EF43C282132511100D20283 /* Resources */ = {
			isa = PBXResourcesBuildPhase;
			buildActionMask = 2147483647;
			files = (
				2E1650BD2142ACBC0069BE62 /* InfoContentView.xib in Resources */,
				2EF43C9D213A3C5600D20283 /* PlacesViewController.xib in Resources */,
				2EF43C8D213265D800D20283 /* Url.strings in Resources */,
				2EF43C7B21325B6400D20283 /* key.plist in Resources */,
				2EF43C382132511300D20283 /* LaunchScreen.storyboard in Resources */,
				2EF43C352132511300D20283 /* Assets.xcassets in Resources */,
				2EF43C8F213265F300D20283 /* Common.strings in Resources */,
				2E1650C621456FA70069BE62 /* Error.strings in Resources */,
			);
			runOnlyForDeploymentPostprocessing = 0;
		};
		2EF43C3C2132511400D20283 /* Resources */ = {
			isa = PBXResourcesBuildPhase;
			buildActionMask = 2147483647;
			files = (
			);
			runOnlyForDeploymentPostprocessing = 0;
		};
		2EF43C472132511400D20283 /* Resources */ = {
			isa = PBXResourcesBuildPhase;
			buildActionMask = 2147483647;
			files = (
			);
			runOnlyForDeploymentPostprocessing = 0;
		};
/* End PBXResourcesBuildPhase section */

/* Begin PBXShellScriptBuildPhase section */
		0849A917A2972128689B7CFA /* [CP] Embed Pods Frameworks */ = {
			isa = PBXShellScriptBuildPhase;
			buildActionMask = 2147483647;
			files = (
			);
			inputPaths = (
				"${SRCROOT}/Pods/Target Support Files/Pods-MvvmFoodLogger-Tests-MvvmFoodLoggerTests/Pods-MvvmFoodLogger-Tests-MvvmFoodLoggerTests-frameworks.sh",
				"${BUILT_PRODUCTS_DIR}/R.swift.Library/Rswift.framework",
			);
			name = "[CP] Embed Pods Frameworks";
			outputPaths = (
				"${TARGET_BUILD_DIR}/${FRAMEWORKS_FOLDER_PATH}/Rswift.framework",
			);
			runOnlyForDeploymentPostprocessing = 0;
			shellPath = /bin/sh;
			shellScript = "\"${SRCROOT}/Pods/Target Support Files/Pods-MvvmFoodLogger-Tests-MvvmFoodLoggerTests/Pods-MvvmFoodLogger-Tests-MvvmFoodLoggerTests-frameworks.sh\"\n";
			showEnvVarsInLog = 0;
		};
		22B13273CA4DC86F52A0DB16 /* [CP] Embed Pods Frameworks */ = {
			isa = PBXShellScriptBuildPhase;
			buildActionMask = 2147483647;
			files = (
			);
			inputPaths = (
				"${SRCROOT}/Pods/Target Support Files/Pods-MvvmFoodLogger/Pods-MvvmFoodLogger-frameworks.sh",
				"${BUILT_PRODUCTS_DIR}/R.swift.Library/Rswift.framework",
			);
			name = "[CP] Embed Pods Frameworks";
			outputPaths = (
				"${TARGET_BUILD_DIR}/${FRAMEWORKS_FOLDER_PATH}/Rswift.framework",
			);
			runOnlyForDeploymentPostprocessing = 0;
			shellPath = /bin/sh;
			shellScript = "\"${SRCROOT}/Pods/Target Support Files/Pods-MvvmFoodLogger/Pods-MvvmFoodLogger-frameworks.sh\"\n";
			showEnvVarsInLog = 0;
		};
		2EF43C742132591B00D20283 /* ShellScript */ = {
			isa = PBXShellScriptBuildPhase;
			buildActionMask = 2147483647;
			files = (
			);
			inputPaths = (
			);
			outputPaths = (
			);
			runOnlyForDeploymentPostprocessing = 0;
			shellPath = /bin/sh;
			shellScript = "\"$PODS_ROOT/R.swift/rswift\" generate \"$SRCROOT\"";
		};
		2EF43C94213844D500D20283 /* ShellScript */ = {
			isa = PBXShellScriptBuildPhase;
			buildActionMask = 2147483647;
			files = (
			);
			inputPaths = (
				"$(SRCROOT)/Carthage/Build/iOS/RxSwift.framework",
				"$(SRCROOT)/Carthage/Build/iOS/RxCocoa.framework",
				"$(SRCROOT)/Carthage/Build/iOS/Alamofire.framework",
				"$(SRCROOT)/Carthage/Build/iOS/AlamofireImage.framework",
				"$(SRCROOT)/Carthage/Build/iOS/Realm.framework",
				"$(SRCROOT)/Carthage/Build/iOS/RealmSwift.framework",
				"$(SRCROOT)/Carthage/Build/iOS/ReactiveMoya.framework",
				"$(SRCROOT)/Carthage/Build/iOS/Result.framework",
				"$(SRCROOT)/Carthage/Build/iOS/ReactiveSwift.framework",
				"$(SRCROOT)/Carthage/Build/iOS/Moya.framework",
				"$(SRCROOT)/Carthage/Build/iOS/RxMoya.framework",
			);
			outputPaths = (
				"$(BUILT_PRODUCTS_DIR)/$(FRAMEWORKS_FOLDER_PATH)/RxSwift.framework",
				"$(BUILT_PRODUCTS_DIR)/$(FRAMEWORKS_FOLDER_PATH)/RxCocoa.framework",
				"$(BUILT_PRODUCTS_DIR)/$(FRAMEWORKS_FOLDER_PATH)/Alamofire.framework",
				"$(BUILT_PRODUCTS_DIR)/$(FRAMEWORKS_FOLDER_PATH)/AlamofireImage.framework",
				"$(BUILT_PRODUCTS_DIR)/$(FRAMEWORKS_FOLDER_PATH)/Realm.framework",
				"$(BUILT_PRODUCTS_DIR)/$(FRAMEWORKS_FOLDER_PATH)/RealmSwift.framework",
				"$(BUILT_PRODUCTS_DIR)/$(FRAMEWORKS_FOLDER_PATH)/ReactiveMoya.framework",
				"$(BUILT_PRODUCTS_DIR)/$(FRAMEWORKS_FOLDER_PATH)/Result.framework",
				"$(BUILT_PRODUCTS_DIR)/$(FRAMEWORKS_FOLDER_PATH)/ReactiveSwift.framework",
				"$(BUILT_PRODUCTS_DIR)/$(FRAMEWORKS_FOLDER_PATH)/Moya.framework",
				"$(BUILT_PRODUCTS_DIR)/$(FRAMEWORKS_FOLDER_PATH)/RxMoya.framework",
			);
			runOnlyForDeploymentPostprocessing = 0;
			shellPath = /bin/sh;
			shellScript = "/usr/local/bin/carthage copy-frameworks";
		};
		2EF43C97213A330500D20283 /* ShellScript */ = {
			isa = PBXShellScriptBuildPhase;
			buildActionMask = 2147483647;
			files = (
			);
			inputPaths = (
				"$(SRCROOT)/Carthage/Build/iOS/RxBlocking.framework",
				"$(SRCROOT)/Carthage/Build/iOS/RxTest.framework",
			);
			outputPaths = (
				"$(BUILT_PRODUCTS_DIR)/$(FRAMEWORKS_FOLDER_PATH)/RxBlocking.framework",
				"$(BUILT_PRODUCTS_DIR)/$(FRAMEWORKS_FOLDER_PATH)/RxTest.framework",
			);
			runOnlyForDeploymentPostprocessing = 0;
			shellPath = /bin/sh;
			shellScript = "/usr/local/bin/carthage copy-frameworks";
		};
		3282EC7A6151644C9C9E42E1 /* [CP] Check Pods Manifest.lock */ = {
			isa = PBXShellScriptBuildPhase;
			buildActionMask = 2147483647;
			files = (
			);
			inputPaths = (
				"${PODS_PODFILE_DIR_PATH}/Podfile.lock",
				"${PODS_ROOT}/Manifest.lock",
			);
			name = "[CP] Check Pods Manifest.lock";
			outputPaths = (
				"$(DERIVED_FILE_DIR)/Pods-MvvmFoodLogger-checkManifestLockResult.txt",
			);
			runOnlyForDeploymentPostprocessing = 0;
			shellPath = /bin/sh;
			shellScript = "diff \"${PODS_PODFILE_DIR_PATH}/Podfile.lock\" \"${PODS_ROOT}/Manifest.lock\" > /dev/null\nif [ $? != 0 ] ; then\n    # print error to STDERR\n    echo \"error: The sandbox is not in sync with the Podfile.lock. Run 'pod install' or update your CocoaPods installation.\" >&2\n    exit 1\nfi\n# This output is used by Xcode 'outputs' to avoid re-running this script phase.\necho \"SUCCESS\" > \"${SCRIPT_OUTPUT_FILE_0}\"\n";
			showEnvVarsInLog = 0;
		};
		48CF4B3451DF9C10F6EB4AC8 /* [CP] Copy Pods Resources */ = {
			isa = PBXShellScriptBuildPhase;
			buildActionMask = 2147483647;
			files = (
			);
			inputPaths = (
				"${SRCROOT}/Pods/Target Support Files/Pods-MvvmFoodLogger/Pods-MvvmFoodLogger-resources.sh",
				"${PODS_ROOT}/GoogleMaps/Maps/Frameworks/GoogleMaps.framework/Resources/GoogleMaps.bundle",
				"${PODS_ROOT}/GooglePlaces/Frameworks/GooglePlaces.framework/Resources/GooglePlaces.bundle",
			);
			name = "[CP] Copy Pods Resources";
			outputPaths = (
				"${TARGET_BUILD_DIR}/${UNLOCALIZED_RESOURCES_FOLDER_PATH}/GoogleMaps.bundle",
				"${TARGET_BUILD_DIR}/${UNLOCALIZED_RESOURCES_FOLDER_PATH}/GooglePlaces.bundle",
			);
			runOnlyForDeploymentPostprocessing = 0;
			shellPath = /bin/sh;
			shellScript = "\"${SRCROOT}/Pods/Target Support Files/Pods-MvvmFoodLogger/Pods-MvvmFoodLogger-resources.sh\"\n";
			showEnvVarsInLog = 0;
		};
		4F03CEA8644ACA1AAEBC375E /* [CP] Check Pods Manifest.lock */ = {
			isa = PBXShellScriptBuildPhase;
			buildActionMask = 2147483647;
			files = (
			);
			inputPaths = (
				"${PODS_PODFILE_DIR_PATH}/Podfile.lock",
				"${PODS_ROOT}/Manifest.lock",
			);
			name = "[CP] Check Pods Manifest.lock";
			outputPaths = (
				"$(DERIVED_FILE_DIR)/Pods-MvvmFoodLogger-Tests-MvvmFoodLoggerTests-checkManifestLockResult.txt",
			);
			runOnlyForDeploymentPostprocessing = 0;
			shellPath = /bin/sh;
			shellScript = "diff \"${PODS_PODFILE_DIR_PATH}/Podfile.lock\" \"${PODS_ROOT}/Manifest.lock\" > /dev/null\nif [ $? != 0 ] ; then\n    # print error to STDERR\n    echo \"error: The sandbox is not in sync with the Podfile.lock. Run 'pod install' or update your CocoaPods installation.\" >&2\n    exit 1\nfi\n# This output is used by Xcode 'outputs' to avoid re-running this script phase.\necho \"SUCCESS\" > \"${SCRIPT_OUTPUT_FILE_0}\"\n";
			showEnvVarsInLog = 0;
		};
		86550AC330706F28F7C78654 /* [CP] Copy Pods Resources */ = {
			isa = PBXShellScriptBuildPhase;
			buildActionMask = 2147483647;
			files = (
			);
			inputPaths = (
				"${SRCROOT}/Pods/Target Support Files/Pods-MvvmFoodLogger-Tests-MvvmFoodLoggerTests/Pods-MvvmFoodLogger-Tests-MvvmFoodLoggerTests-resources.sh",
				"${PODS_ROOT}/GoogleMaps/Maps/Frameworks/GoogleMaps.framework/Resources/GoogleMaps.bundle",
				"${PODS_ROOT}/GooglePlaces/Frameworks/GooglePlaces.framework/Resources/GooglePlaces.bundle",
			);
			name = "[CP] Copy Pods Resources";
			outputPaths = (
				"${TARGET_BUILD_DIR}/${UNLOCALIZED_RESOURCES_FOLDER_PATH}/GoogleMaps.bundle",
				"${TARGET_BUILD_DIR}/${UNLOCALIZED_RESOURCES_FOLDER_PATH}/GooglePlaces.bundle",
			);
			runOnlyForDeploymentPostprocessing = 0;
			shellPath = /bin/sh;
			shellScript = "\"${SRCROOT}/Pods/Target Support Files/Pods-MvvmFoodLogger-Tests-MvvmFoodLoggerTests/Pods-MvvmFoodLogger-Tests-MvvmFoodLoggerTests-resources.sh\"\n";
			showEnvVarsInLog = 0;
		};
		C128B058702E9332EED8CE67 /* [CP] Copy Pods Resources */ = {
			isa = PBXShellScriptBuildPhase;
			buildActionMask = 2147483647;
			files = (
			);
			inputPaths = (
				"${SRCROOT}/Pods/Target Support Files/Pods-MvvmFoodLogger-Tests-MvvmFoodLoggerUITests/Pods-MvvmFoodLogger-Tests-MvvmFoodLoggerUITests-resources.sh",
				"${PODS_ROOT}/GoogleMaps/Maps/Frameworks/GoogleMaps.framework/Resources/GoogleMaps.bundle",
				"${PODS_ROOT}/GooglePlaces/Frameworks/GooglePlaces.framework/Resources/GooglePlaces.bundle",
			);
			name = "[CP] Copy Pods Resources";
			outputPaths = (
				"${TARGET_BUILD_DIR}/${UNLOCALIZED_RESOURCES_FOLDER_PATH}/GoogleMaps.bundle",
				"${TARGET_BUILD_DIR}/${UNLOCALIZED_RESOURCES_FOLDER_PATH}/GooglePlaces.bundle",
			);
			runOnlyForDeploymentPostprocessing = 0;
			shellPath = /bin/sh;
			shellScript = "\"${SRCROOT}/Pods/Target Support Files/Pods-MvvmFoodLogger-Tests-MvvmFoodLoggerUITests/Pods-MvvmFoodLogger-Tests-MvvmFoodLoggerUITests-resources.sh\"\n";
			showEnvVarsInLog = 0;
		};
		D82E78703E08837A69B02B83 /* [CP] Embed Pods Frameworks */ = {
			isa = PBXShellScriptBuildPhase;
			buildActionMask = 2147483647;
			files = (
			);
			inputPaths = (
				"${SRCROOT}/Pods/Target Support Files/Pods-MvvmFoodLogger-Tests-MvvmFoodLoggerUITests/Pods-MvvmFoodLogger-Tests-MvvmFoodLoggerUITests-frameworks.sh",
				"${BUILT_PRODUCTS_DIR}/R.swift.Library/Rswift.framework",
			);
			name = "[CP] Embed Pods Frameworks";
			outputPaths = (
				"${TARGET_BUILD_DIR}/${FRAMEWORKS_FOLDER_PATH}/Rswift.framework",
			);
			runOnlyForDeploymentPostprocessing = 0;
			shellPath = /bin/sh;
			shellScript = "\"${SRCROOT}/Pods/Target Support Files/Pods-MvvmFoodLogger-Tests-MvvmFoodLoggerUITests/Pods-MvvmFoodLogger-Tests-MvvmFoodLoggerUITests-frameworks.sh\"\n";
			showEnvVarsInLog = 0;
		};
		F9DD5F1123351404EBAAE462 /* [CP] Check Pods Manifest.lock */ = {
			isa = PBXShellScriptBuildPhase;
			buildActionMask = 2147483647;
			files = (
			);
			inputPaths = (
				"${PODS_PODFILE_DIR_PATH}/Podfile.lock",
				"${PODS_ROOT}/Manifest.lock",
			);
			name = "[CP] Check Pods Manifest.lock";
			outputPaths = (
				"$(DERIVED_FILE_DIR)/Pods-MvvmFoodLogger-Tests-MvvmFoodLoggerUITests-checkManifestLockResult.txt",
			);
			runOnlyForDeploymentPostprocessing = 0;
			shellPath = /bin/sh;
			shellScript = "diff \"${PODS_PODFILE_DIR_PATH}/Podfile.lock\" \"${PODS_ROOT}/Manifest.lock\" > /dev/null\nif [ $? != 0 ] ; then\n    # print error to STDERR\n    echo \"error: The sandbox is not in sync with the Podfile.lock. Run 'pod install' or update your CocoaPods installation.\" >&2\n    exit 1\nfi\n# This output is used by Xcode 'outputs' to avoid re-running this script phase.\necho \"SUCCESS\" > \"${SCRIPT_OUTPUT_FILE_0}\"\n";
			showEnvVarsInLog = 0;
		};
/* End PBXShellScriptBuildPhase section */

/* Begin PBXSourcesBuildPhase section */
		2EF43C262132511100D20283 /* Sources */ = {
			isa = PBXSourcesBuildPhase;
			buildActionMask = 2147483647;
			files = (
				2EF43C8721325CE400D20283 /* PlacesViewModel.swift in Sources */,
				2E1650BF2142AD430069BE62 /* InfoContentView.swift in Sources */,
				2EF43C8521325CA700D20283 /* Places.swift in Sources */,
				2E1650C221456E800069BE62 /* ViewController+Alert.swift in Sources */,
				2EF43C9F213A68AB00D20283 /* LocationManager.swift in Sources */,
				2EF43C9C213A3C5600D20283 /* PlacesViewController.swift in Sources */,
				2EF43C2E2132511100D20283 /* AppDelegate.swift in Sources */,
				2EF43C7D21325BE700D20283 /* R.generated.swift in Sources */,
				2E1650B5213ED9740069BE62 /* RestaurantMarker.swift in Sources */,
				2EF43C8321325C9300D20283 /* Place.swift in Sources */,
				2EF43C8921325D2D00D20283 /* Injectable.swift in Sources */,
				2EF43C8B2132657E00D20283 /* GooglePlacesAPI.swift in Sources */,
			);
			runOnlyForDeploymentPostprocessing = 0;
		};
		2EF43C3A2132511400D20283 /* Sources */ = {
			isa = PBXSourcesBuildPhase;
			buildActionMask = 2147483647;
			files = (
				2EF43C432132511400D20283 /* MvvmFoodLoggerTests.swift in Sources */,
			);
			runOnlyForDeploymentPostprocessing = 0;
		};
		2EF43C452132511400D20283 /* Sources */ = {
			isa = PBXSourcesBuildPhase;
			buildActionMask = 2147483647;
			files = (
				2EF43C4E2132511400D20283 /* MvvmFoodLoggerUITests.swift in Sources */,
			);
			runOnlyForDeploymentPostprocessing = 0;
		};
/* End PBXSourcesBuildPhase section */

/* Begin PBXTargetDependency section */
		2EF43C402132511400D20283 /* PBXTargetDependency */ = {
			isa = PBXTargetDependency;
			target = 2EF43C292132511100D20283 /* MvvmFoodLogger */;
			targetProxy = 2EF43C3F2132511400D20283 /* PBXContainerItemProxy */;
		};
		2EF43C4B2132511400D20283 /* PBXTargetDependency */ = {
			isa = PBXTargetDependency;
			target = 2EF43C292132511100D20283 /* MvvmFoodLogger */;
			targetProxy = 2EF43C4A2132511400D20283 /* PBXContainerItemProxy */;
		};
/* End PBXTargetDependency section */

/* Begin PBXVariantGroup section */
		2EF43C362132511300D20283 /* LaunchScreen.storyboard */ = {
			isa = PBXVariantGroup;
			children = (
				2EF43C372132511300D20283 /* Base */,
			);
			name = LaunchScreen.storyboard;
			sourceTree = "<group>";
		};
/* End PBXVariantGroup section */

/* Begin XCBuildConfiguration section */
		2EF43C502132511400D20283 /* Debug */ = {
			isa = XCBuildConfiguration;
			buildSettings = {
				ALWAYS_SEARCH_USER_PATHS = NO;
				CLANG_ANALYZER_NONNULL = YES;
				CLANG_ANALYZER_NUMBER_OBJECT_CONVERSION = YES_AGGRESSIVE;
				CLANG_CXX_LANGUAGE_STANDARD = "gnu++14";
				CLANG_CXX_LIBRARY = "libc++";
				CLANG_ENABLE_MODULES = YES;
				CLANG_ENABLE_OBJC_ARC = YES;
				CLANG_ENABLE_OBJC_WEAK = YES;
				CLANG_WARN_BLOCK_CAPTURE_AUTORELEASING = YES;
				CLANG_WARN_BOOL_CONVERSION = YES;
				CLANG_WARN_COMMA = YES;
				CLANG_WARN_CONSTANT_CONVERSION = YES;
				CLANG_WARN_DEPRECATED_OBJC_IMPLEMENTATIONS = YES;
				CLANG_WARN_DIRECT_OBJC_ISA_USAGE = YES_ERROR;
				CLANG_WARN_DOCUMENTATION_COMMENTS = YES;
				CLANG_WARN_EMPTY_BODY = YES;
				CLANG_WARN_ENUM_CONVERSION = YES;
				CLANG_WARN_INFINITE_RECURSION = YES;
				CLANG_WARN_INT_CONVERSION = YES;
				CLANG_WARN_NON_LITERAL_NULL_CONVERSION = YES;
				CLANG_WARN_OBJC_IMPLICIT_RETAIN_SELF = YES;
				CLANG_WARN_OBJC_LITERAL_CONVERSION = YES;
				CLANG_WARN_OBJC_ROOT_CLASS = YES_ERROR;
				CLANG_WARN_RANGE_LOOP_ANALYSIS = YES;
				CLANG_WARN_STRICT_PROTOTYPES = YES;
				CLANG_WARN_SUSPICIOUS_MOVE = YES;
				CLANG_WARN_UNGUARDED_AVAILABILITY = YES_AGGRESSIVE;
				CLANG_WARN_UNREACHABLE_CODE = YES;
				CLANG_WARN__DUPLICATE_METHOD_MATCH = YES;
				CODE_SIGN_IDENTITY = "iPhone Developer";
				COPY_PHASE_STRIP = NO;
				DEBUG_INFORMATION_FORMAT = dwarf;
				ENABLE_STRICT_OBJC_MSGSEND = YES;
				ENABLE_TESTABILITY = YES;
				GCC_C_LANGUAGE_STANDARD = gnu11;
				GCC_DYNAMIC_NO_PIC = NO;
				GCC_NO_COMMON_BLOCKS = YES;
				GCC_OPTIMIZATION_LEVEL = 0;
				GCC_PREPROCESSOR_DEFINITIONS = (
					"DEBUG=1",
					"$(inherited)",
				);
				GCC_WARN_64_TO_32_BIT_CONVERSION = YES;
				GCC_WARN_ABOUT_RETURN_TYPE = YES_ERROR;
				GCC_WARN_UNDECLARED_SELECTOR = YES;
				GCC_WARN_UNINITIALIZED_AUTOS = YES_AGGRESSIVE;
				GCC_WARN_UNUSED_FUNCTION = YES;
				GCC_WARN_UNUSED_VARIABLE = YES;
				IPHONEOS_DEPLOYMENT_TARGET = 11.4;
				MTL_ENABLE_DEBUG_INFO = YES;
				ONLY_ACTIVE_ARCH = YES;
				SDKROOT = iphoneos;
				SWIFT_ACTIVE_COMPILATION_CONDITIONS = DEBUG;
				SWIFT_OPTIMIZATION_LEVEL = "-Onone";
			};
			name = Debug;
		};
		2EF43C512132511400D20283 /* Release */ = {
			isa = XCBuildConfiguration;
			buildSettings = {
				ALWAYS_SEARCH_USER_PATHS = NO;
				CLANG_ANALYZER_NONNULL = YES;
				CLANG_ANALYZER_NUMBER_OBJECT_CONVERSION = YES_AGGRESSIVE;
				CLANG_CXX_LANGUAGE_STANDARD = "gnu++14";
				CLANG_CXX_LIBRARY = "libc++";
				CLANG_ENABLE_MODULES = YES;
				CLANG_ENABLE_OBJC_ARC = YES;
				CLANG_ENABLE_OBJC_WEAK = YES;
				CLANG_WARN_BLOCK_CAPTURE_AUTORELEASING = YES;
				CLANG_WARN_BOOL_CONVERSION = YES;
				CLANG_WARN_COMMA = YES;
				CLANG_WARN_CONSTANT_CONVERSION = YES;
				CLANG_WARN_DEPRECATED_OBJC_IMPLEMENTATIONS = YES;
				CLANG_WARN_DIRECT_OBJC_ISA_USAGE = YES_ERROR;
				CLANG_WARN_DOCUMENTATION_COMMENTS = YES;
				CLANG_WARN_EMPTY_BODY = YES;
				CLANG_WARN_ENUM_CONVERSION = YES;
				CLANG_WARN_INFINITE_RECURSION = YES;
				CLANG_WARN_INT_CONVERSION = YES;
				CLANG_WARN_NON_LITERAL_NULL_CONVERSION = YES;
				CLANG_WARN_OBJC_IMPLICIT_RETAIN_SELF = YES;
				CLANG_WARN_OBJC_LITERAL_CONVERSION = YES;
				CLANG_WARN_OBJC_ROOT_CLASS = YES_ERROR;
				CLANG_WARN_RANGE_LOOP_ANALYSIS = YES;
				CLANG_WARN_STRICT_PROTOTYPES = YES;
				CLANG_WARN_SUSPICIOUS_MOVE = YES;
				CLANG_WARN_UNGUARDED_AVAILABILITY = YES_AGGRESSIVE;
				CLANG_WARN_UNREACHABLE_CODE = YES;
				CLANG_WARN__DUPLICATE_METHOD_MATCH = YES;
				CODE_SIGN_IDENTITY = "iPhone Developer";
				COPY_PHASE_STRIP = NO;
				DEBUG_INFORMATION_FORMAT = "dwarf-with-dsym";
				ENABLE_NS_ASSERTIONS = NO;
				ENABLE_STRICT_OBJC_MSGSEND = YES;
				GCC_C_LANGUAGE_STANDARD = gnu11;
				GCC_NO_COMMON_BLOCKS = YES;
				GCC_WARN_64_TO_32_BIT_CONVERSION = YES;
				GCC_WARN_ABOUT_RETURN_TYPE = YES_ERROR;
				GCC_WARN_UNDECLARED_SELECTOR = YES;
				GCC_WARN_UNINITIALIZED_AUTOS = YES_AGGRESSIVE;
				GCC_WARN_UNUSED_FUNCTION = YES;
				GCC_WARN_UNUSED_VARIABLE = YES;
				IPHONEOS_DEPLOYMENT_TARGET = 11.4;
				MTL_ENABLE_DEBUG_INFO = NO;
				SDKROOT = iphoneos;
				SWIFT_COMPILATION_MODE = wholemodule;
				SWIFT_OPTIMIZATION_LEVEL = "-O";
				VALIDATE_PRODUCT = YES;
			};
			name = Release;
		};
		2EF43C532132511400D20283 /* Debug */ = {
			isa = XCBuildConfiguration;
			baseConfigurationReference = 0BAA21FDCB61991EDD647D93 /* Pods-MvvmFoodLogger.debug.xcconfig */;
			buildSettings = {
				ASSETCATALOG_COMPILER_APPICON_NAME = AppIcon;
				CODE_SIGN_STYLE = Automatic;
				DEVELOPMENT_TEAM = 6J4XG67E62;
				FRAMEWORK_SEARCH_PATHS = (
					"$(inherited)",
					"$(PROJECT_DIR)/Carthage/Build/iOS",
				);
				INFOPLIST_FILE = MvvmFoodLogger/Info.plist;
				LD_RUNPATH_SEARCH_PATHS = (
					"$(inherited)",
					"@executable_path/Frameworks",
				);
				PRODUCT_BUNDLE_IDENTIFIER = com.kato.MvvmFoodLogger;
				PRODUCT_NAME = "$(TARGET_NAME)";
				SWIFT_VERSION = 4.0;
				TARGETED_DEVICE_FAMILY = "1,2";
			};
			name = Debug;
		};
		2EF43C542132511400D20283 /* Release */ = {
			isa = XCBuildConfiguration;
			baseConfigurationReference = C505BBDD429EC04DC5B1667F /* Pods-MvvmFoodLogger.release.xcconfig */;
			buildSettings = {
				ASSETCATALOG_COMPILER_APPICON_NAME = AppIcon;
				CODE_SIGN_STYLE = Automatic;
				DEVELOPMENT_TEAM = 6J4XG67E62;
				FRAMEWORK_SEARCH_PATHS = (
					"$(inherited)",
					"$(PROJECT_DIR)/Carthage/Build/iOS",
				);
				INFOPLIST_FILE = MvvmFoodLogger/Info.plist;
				LD_RUNPATH_SEARCH_PATHS = (
					"$(inherited)",
					"@executable_path/Frameworks",
				);
				PRODUCT_BUNDLE_IDENTIFIER = com.kato.MvvmFoodLogger;
				PRODUCT_NAME = "$(TARGET_NAME)";
				SWIFT_VERSION = 4.0;
				TARGETED_DEVICE_FAMILY = "1,2";
			};
			name = Release;
		};
		2EF43C562132511400D20283 /* Debug */ = {
			isa = XCBuildConfiguration;
			baseConfigurationReference = 93D8ECBC9163C8B9D066C539 /* Pods-MvvmFoodLogger-Tests-MvvmFoodLoggerTests.debug.xcconfig */;
			buildSettings = {
				ALWAYS_EMBED_SWIFT_STANDARD_LIBRARIES = YES;
				BUNDLE_LOADER = "$(TEST_HOST)";
				CODE_SIGN_STYLE = Automatic;
				DEVELOPMENT_TEAM = 6J4XG67E62;
				FRAMEWORK_SEARCH_PATHS = (
					"$(inherited)",
					"$(PROJECT_DIR)/Carthage/Build/iOS",
				);
				INFOPLIST_FILE = MvvmFoodLoggerTests/Info.plist;
				LD_RUNPATH_SEARCH_PATHS = (
					"$(inherited)",
					"@executable_path/Frameworks",
					"@loader_path/Frameworks",
				);
				PRODUCT_BUNDLE_IDENTIFIER = com.kato.MvvmFoodLoggerTests;
				PRODUCT_NAME = "$(TARGET_NAME)";
				SWIFT_VERSION = 4.0;
				TARGETED_DEVICE_FAMILY = "1,2";
				TEST_HOST = "$(BUILT_PRODUCTS_DIR)/MvvmFoodLogger.app/MvvmFoodLogger";
			};
			name = Debug;
		};
		2EF43C572132511400D20283 /* Release */ = {
			isa = XCBuildConfiguration;
			baseConfigurationReference = CD9BDE3DAB9586B9AF736C95 /* Pods-MvvmFoodLogger-Tests-MvvmFoodLoggerTests.release.xcconfig */;
			buildSettings = {
				ALWAYS_EMBED_SWIFT_STANDARD_LIBRARIES = YES;
				BUNDLE_LOADER = "$(TEST_HOST)";
				CODE_SIGN_STYLE = Automatic;
				DEVELOPMENT_TEAM = 6J4XG67E62;
				FRAMEWORK_SEARCH_PATHS = (
					"$(inherited)",
					"$(PROJECT_DIR)/Carthage/Build/iOS",
				);
				INFOPLIST_FILE = MvvmFoodLoggerTests/Info.plist;
				LD_RUNPATH_SEARCH_PATHS = (
					"$(inherited)",
					"@executable_path/Frameworks",
					"@loader_path/Frameworks",
				);
				PRODUCT_BUNDLE_IDENTIFIER = com.kato.MvvmFoodLoggerTests;
				PRODUCT_NAME = "$(TARGET_NAME)";
				SWIFT_VERSION = 4.0;
				TARGETED_DEVICE_FAMILY = "1,2";
				TEST_HOST = "$(BUILT_PRODUCTS_DIR)/MvvmFoodLogger.app/MvvmFoodLogger";
			};
			name = Release;
		};
		2EF43C592132511400D20283 /* Debug */ = {
			isa = XCBuildConfiguration;
			baseConfigurationReference = CE373BC137FD0B02F4DBECD7 /* Pods-MvvmFoodLogger-Tests-MvvmFoodLoggerUITests.debug.xcconfig */;
			buildSettings = {
				ALWAYS_EMBED_SWIFT_STANDARD_LIBRARIES = YES;
				CODE_SIGN_STYLE = Automatic;
				DEVELOPMENT_TEAM = 6J4XG67E62;
				INFOPLIST_FILE = MvvmFoodLoggerUITests/Info.plist;
				LD_RUNPATH_SEARCH_PATHS = (
					"$(inherited)",
					"@executable_path/Frameworks",
					"@loader_path/Frameworks",
				);
				PRODUCT_BUNDLE_IDENTIFIER = com.kato.MvvmFoodLoggerUITests;
				PRODUCT_NAME = "$(TARGET_NAME)";
				SWIFT_VERSION = 4.0;
				TARGETED_DEVICE_FAMILY = "1,2";
				TEST_TARGET_NAME = MvvmFoodLogger;
			};
			name = Debug;
		};
		2EF43C5A2132511400D20283 /* Release */ = {
			isa = XCBuildConfiguration;
			baseConfigurationReference = 3B360E88B171E8EFFB3BDBC6 /* Pods-MvvmFoodLogger-Tests-MvvmFoodLoggerUITests.release.xcconfig */;
			buildSettings = {
				ALWAYS_EMBED_SWIFT_STANDARD_LIBRARIES = YES;
				CODE_SIGN_STYLE = Automatic;
				DEVELOPMENT_TEAM = 6J4XG67E62;
				INFOPLIST_FILE = MvvmFoodLoggerUITests/Info.plist;
				LD_RUNPATH_SEARCH_PATHS = (
					"$(inherited)",
					"@executable_path/Frameworks",
					"@loader_path/Frameworks",
				);
				PRODUCT_BUNDLE_IDENTIFIER = com.kato.MvvmFoodLoggerUITests;
				PRODUCT_NAME = "$(TARGET_NAME)";
				SWIFT_VERSION = 4.0;
				TARGETED_DEVICE_FAMILY = "1,2";
				TEST_TARGET_NAME = MvvmFoodLogger;
			};
			name = Release;
		};
/* End XCBuildConfiguration section */

/* Begin XCConfigurationList section */
		2EF43C252132511100D20283 /* Build configuration list for PBXProject "MvvmFoodLogger" */ = {
			isa = XCConfigurationList;
			buildConfigurations = (
				2EF43C502132511400D20283 /* Debug */,
				2EF43C512132511400D20283 /* Release */,
			);
			defaultConfigurationIsVisible = 0;
			defaultConfigurationName = Release;
		};
		2EF43C522132511400D20283 /* Build configuration list for PBXNativeTarget "MvvmFoodLogger" */ = {
			isa = XCConfigurationList;
			buildConfigurations = (
				2EF43C532132511400D20283 /* Debug */,
				2EF43C542132511400D20283 /* Release */,
			);
			defaultConfigurationIsVisible = 0;
			defaultConfigurationName = Release;
		};
		2EF43C552132511400D20283 /* Build configuration list for PBXNativeTarget "MvvmFoodLoggerTests" */ = {
			isa = XCConfigurationList;
			buildConfigurations = (
				2EF43C562132511400D20283 /* Debug */,
				2EF43C572132511400D20283 /* Release */,
			);
			defaultConfigurationIsVisible = 0;
			defaultConfigurationName = Release;
		};
		2EF43C582132511400D20283 /* Build configuration list for PBXNativeTarget "MvvmFoodLoggerUITests" */ = {
			isa = XCConfigurationList;
			buildConfigurations = (
				2EF43C592132511400D20283 /* Debug */,
				2EF43C5A2132511400D20283 /* Release */,
			);
			defaultConfigurationIsVisible = 0;
			defaultConfigurationName = Release;
		};
/* End XCConfigurationList section */
	};
	rootObject = 2EF43C222132511100D20283 /* Project object */;
}
